// !$*UTF8*$!
{
	archiveVersion = 1;
	classes = {
	};
	objectVersion = 52;
	objects = {

/* Begin PBXBuildFile section */
		2A01E63C26F26C5400666A44 /* BilgeApp.swift in Sources */ = {isa = PBXBuildFile; fileRef = 2A01E63B26F26C5400666A44 /* BilgeApp.swift */; };
		2A01E64026F26C5500666A44 /* Assets.xcassets in Resources */ = {isa = PBXBuildFile; fileRef = 2A01E63F26F26C5500666A44 /* Assets.xcassets */; };
		2A01E64326F26C5500666A44 /* Preview Assets.xcassets in Resources */ = {isa = PBXBuildFile; fileRef = 2A01E64226F26C5500666A44 /* Preview Assets.xcassets */; };
		2A01E65326F26C5500666A44 /* BilgeTests.swift in Sources */ = {isa = PBXBuildFile; fileRef = 2A01E65226F26C5500666A44 /* BilgeTests.swift */; };
		2A01E65E26F26C5500666A44 /* BilgeUITests.swift in Sources */ = {isa = PBXBuildFile; fileRef = 2A01E65D26F26C5500666A44 /* BilgeUITests.swift */; };
		2A01E66F26F26CBC00666A44 /* ContentView.swift in Sources */ = {isa = PBXBuildFile; fileRef = 2A01E66E26F26CBC00666A44 /* ContentView.swift */; };
		2A01E67226F2E5EC00666A44 /* OnBoardingView.swift in Sources */ = {isa = PBXBuildFile; fileRef = 2A01E67126F2E5EC00666A44 /* OnBoardingView.swift */; };
		2A01E67426F2E6D500666A44 /* SignInView.swift in Sources */ = {isa = PBXBuildFile; fileRef = 2A01E67326F2E6D500666A44 /* SignInView.swift */; };
		2A01E67626F2E70E00666A44 /* SignUpView.swift in Sources */ = {isa = PBXBuildFile; fileRef = 2A01E67526F2E70E00666A44 /* SignUpView.swift */; };
		2A01E68726F66F2100666A44 /* ForgotPasswordView.swift in Sources */ = {isa = PBXBuildFile; fileRef = 2A01E68626F66F2100666A44 /* ForgotPasswordView.swift */; };
		2A01E68926F842EB00666A44 /* GoogleService-Info.plist in Resources */ = {isa = PBXBuildFile; fileRef = 2A01E68826F842EB00666A44 /* GoogleService-Info.plist */; };
		2A1AFF162707F6F7004623FA /* AppState.swift in Sources */ = {isa = PBXBuildFile; fileRef = 2A1AFF152707F6F7004623FA /* AppState.swift */; };
		2A1AFF182707F74A004623FA /* AuthenticationManager.swift in Sources */ = {isa = PBXBuildFile; fileRef = 2A1AFF172707F74A004623FA /* AuthenticationManager.swift */; };
		2A1AFF1A2707F855004623FA /* Actions.swift in Sources */ = {isa = PBXBuildFile; fileRef = 2A1AFF192707F855004623FA /* Actions.swift */; };
		2A1AFF1C2707F916004623FA /* Store.swift in Sources */ = {isa = PBXBuildFile; fileRef = 2A1AFF1B2707F915004623FA /* Store.swift */; };
		2A1AFF232708BE91004623FA /* Redux.swift in Sources */ = {isa = PBXBuildFile; fileRef = 2A1AFF222708BE90004623FA /* Redux.swift */; };
		2A1AFF252708C150004623FA /* Reducers.swift in Sources */ = {isa = PBXBuildFile; fileRef = 2A1AFF242708C150004623FA /* Reducers.swift */; };
		2A1AFF272708C83F004623FA /* Middlewares.swift in Sources */ = {isa = PBXBuildFile; fileRef = 2A1AFF262708C83F004623FA /* Middlewares.swift */; };
		2A1AFF2A270B9412004623FA /* SessionState.swift in Sources */ = {isa = PBXBuildFile; fileRef = 2A1AFF29270B9412004623FA /* SessionState.swift */; };
		2A37A4A8270E45F7007C1868 /* SignInAction.swift in Sources */ = {isa = PBXBuildFile; fileRef = 2A37A4A7270E45F7007C1868 /* SignInAction.swift */; };
		2A37A4AC270E4E98007C1868 /* SignInReducer.swift in Sources */ = {isa = PBXBuildFile; fileRef = 2A37A4AB270E4E98007C1868 /* SignInReducer.swift */; };
		2A37A4AE270EAA06007C1868 /* Auth+Combine.swift in Sources */ = {isa = PBXBuildFile; fileRef = 2A37A4AD270EAA05007C1868 /* Auth+Combine.swift */; };
		2A37A4B0270EB21C007C1868 /* Listeners.swift in Sources */ = {isa = PBXBuildFile; fileRef = 2A37A4AF270EB21C007C1868 /* Listeners.swift */; };
		2A37A4B3270F3DB1007C1868 /* SignUpAction.swift in Sources */ = {isa = PBXBuildFile; fileRef = 2A37A4B2270F3DB1007C1868 /* SignUpAction.swift */; };
		2A37A4B5270F3E4F007C1868 /* SignUpReducer.swift in Sources */ = {isa = PBXBuildFile; fileRef = 2A37A4B4270F3E4F007C1868 /* SignUpReducer.swift */; };
		2A37A4B8270F550E007C1868 /* ForgotPasswordAction.swift in Sources */ = {isa = PBXBuildFile; fileRef = 2A37A4B7270F550E007C1868 /* ForgotPasswordAction.swift */; };
		2A37A4BA270F5719007C1868 /* ForgotPassworReducer.swift in Sources */ = {isa = PBXBuildFile; fileRef = 2A37A4B9270F5719007C1868 /* ForgotPassworReducer.swift */; };
		2A37A4BC270F5788007C1868 /* ForgotPasswordState.swift in Sources */ = {isa = PBXBuildFile; fileRef = 2A37A4BB270F5788007C1868 /* ForgotPasswordState.swift */; };
		2A37A4C5270F9512007C1868 /* HomeView.swift in Sources */ = {isa = PBXBuildFile; fileRef = 2A37A4C4270F9512007C1868 /* HomeView.swift */; };
		2A37A4C7270F9541007C1868 /* StudentView.swift in Sources */ = {isa = PBXBuildFile; fileRef = 2A37A4C6270F9541007C1868 /* StudentView.swift */; };
		2A37A4C9270F955F007C1868 /* TeacherView.swift in Sources */ = {isa = PBXBuildFile; fileRef = 2A37A4C8270F955F007C1868 /* TeacherView.swift */; };
		2A82D7E4275873E800919DF3 /* SignUpState.swift in Sources */ = {isa = PBXBuildFile; fileRef = 2A82D7E3275873E800919DF3 /* SignUpState.swift */; };
		2A82D7E62758761200919DF3 /* SignInState.swift in Sources */ = {isa = PBXBuildFile; fileRef = 2A82D7E52758761200919DF3 /* SignInState.swift */; };
		2A82D7E827587CC700919DF3 /* AuthenticationMiddleware.swift in Sources */ = {isa = PBXBuildFile; fileRef = 2A82D7E727587CC700919DF3 /* AuthenticationMiddleware.swift */; };
		2A82D7EA27587F8100919DF3 /* APIMiddleware.swift in Sources */ = {isa = PBXBuildFile; fileRef = 2A82D7E927587F8100919DF3 /* APIMiddleware.swift */; };
		2A82D7EC275882CE00919DF3 /* AppStateFactory.swift in Sources */ = {isa = PBXBuildFile; fileRef = 2A82D7EB275882CE00919DF3 /* AppStateFactory.swift */; };
		2A82D7EE2758D34C00919DF3 /* TeacherTapView.swift in Sources */ = {isa = PBXBuildFile; fileRef = 2A82D7ED2758D34C00919DF3 /* TeacherTapView.swift */; };
		2A82D7F12758D62F00919DF3 /* SearchCourseView.swift in Sources */ = {isa = PBXBuildFile; fileRef = 2A82D7F02758D62F00919DF3 /* SearchCourseView.swift */; };
		2A82D7F32758D73200919DF3 /* SearchCourseContentView.swift in Sources */ = {isa = PBXBuildFile; fileRef = 2A82D7F22758D73200919DF3 /* SearchCourseContentView.swift */; };
		2A82D7F52758E03500919DF3 /* SearchCellUsernameView.swift in Sources */ = {isa = PBXBuildFile; fileRef = 2A82D7F42758E03500919DF3 /* SearchCellUsernameView.swift */; };
		2A82D7F72758E19B00919DF3 /* SearchCourseListView.swift in Sources */ = {isa = PBXBuildFile; fileRef = 2A82D7F62758E19B00919DF3 /* SearchCourseListView.swift */; };
		2A82D7F92758E30300919DF3 /* SearchCellCourseView.swift in Sources */ = {isa = PBXBuildFile; fileRef = 2A82D7F82758E30300919DF3 /* SearchCellCourseView.swift */; };
		2A82D7FB2758E4F200919DF3 /* SearchSectionsListView.swift in Sources */ = {isa = PBXBuildFile; fileRef = 2A82D7FA2758E4F200919DF3 /* SearchSectionsListView.swift */; };
		2A82D7FD2758E54100919DF3 /* SearchCellSectionView.swift in Sources */ = {isa = PBXBuildFile; fileRef = 2A82D7FC2758E54100919DF3 /* SearchCellSectionView.swift */; };
		2A82D8042759A0DF00919DF3 /* API.swift in Sources */ = {isa = PBXBuildFile; fileRef = 2A82D8032759A0DF00919DF3 /* API.swift */; };
		2A82D806275AD22200919DF3 /* schema.json in Resources */ = {isa = PBXBuildFile; fileRef = 2A82D805275AD22200919DF3 /* schema.json */; };
		2A82D808275AEC3A00919DF3 /* CreateCourseView.swift in Sources */ = {isa = PBXBuildFile; fileRef = 2A82D807275AEC3A00919DF3 /* CreateCourseView.swift */; };
		2A82D80B275B3C0300919DF3 /* SectionListView.swift in Sources */ = {isa = PBXBuildFile; fileRef = 2A82D80A275B3C0300919DF3 /* SectionListView.swift */; };
		2A82D80D275B403C00919DF3 /* CreateSectionView.swift in Sources */ = {isa = PBXBuildFile; fileRef = 2A82D80C275B403C00919DF3 /* CreateSectionView.swift */; };
		2A82D80F275BDD2600919DF3 /* ScheduleView.swift in Sources */ = {isa = PBXBuildFile; fileRef = 2A82D80E275BDD2600919DF3 /* ScheduleView.swift */; };
		2ABC08BA2740A5FC002D7FA8 /* Apollo in Frameworks */ = {isa = PBXBuildFile; productRef = 2ABC08B92740A5FC002D7FA8 /* Apollo */; };
		2ABC08DD2740AB6A002D7FA8 /* GToggle.swift in Sources */ = {isa = PBXBuildFile; fileRef = 2ABC08CD2740AB6A002D7FA8 /* GToggle.swift */; };
		2ABC08DE2740AB6A002D7FA8 /* GToggleStyle.swift in Sources */ = {isa = PBXBuildFile; fileRef = 2ABC08CE2740AB6A002D7FA8 /* GToggleStyle.swift */; };
		2ABC08DF2740AB6A002D7FA8 /* GLink.swift in Sources */ = {isa = PBXBuildFile; fileRef = 2ABC08CF2740AB6A002D7FA8 /* GLink.swift */; };
		2ABC08E02740AB6A002D7FA8 /* SnackBar.swift in Sources */ = {isa = PBXBuildFile; fileRef = 2ABC08D12740AB6A002D7FA8 /* SnackBar.swift */; };
		2ABC08E12740AB6A002D7FA8 /* SnackBarPopUp.swift in Sources */ = {isa = PBXBuildFile; fileRef = 2ABC08D22740AB6A002D7FA8 /* SnackBarPopUp.swift */; };
		2ABC08E22740AB6A002D7FA8 /* View+Extension.swift in Sources */ = {isa = PBXBuildFile; fileRef = 2ABC08D32740AB6A002D7FA8 /* View+Extension.swift */; };
		2ABC08E32740AB6A002D7FA8 /* GBorderButtonStyle.swift in Sources */ = {isa = PBXBuildFile; fileRef = 2ABC08D52740AB6A002D7FA8 /* GBorderButtonStyle.swift */; };
		2ABC08E42740AB6A002D7FA8 /* GBorderButton.swift in Sources */ = {isa = PBXBuildFile; fileRef = 2ABC08D62740AB6A002D7FA8 /* GBorderButton.swift */; };
		2ABC08E52740AB6A002D7FA8 /* GButton.swift in Sources */ = {isa = PBXBuildFile; fileRef = 2ABC08D72740AB6A002D7FA8 /* GButton.swift */; };
		2ABC08E62740AB6A002D7FA8 /* GButtonStyle.swift in Sources */ = {isa = PBXBuildFile; fileRef = 2ABC08D82740AB6A002D7FA8 /* GButtonStyle.swift */; };
		2ABC08E72740AB6A002D7FA8 /* PasswordField.swift in Sources */ = {isa = PBXBuildFile; fileRef = 2ABC08DA2740AB6A002D7FA8 /* PasswordField.swift */; };
		2ABC08E82740AB6A002D7FA8 /* GTextField.swift in Sources */ = {isa = PBXBuildFile; fileRef = 2ABC08DB2740AB6A002D7FA8 /* GTextField.swift */; };
		2ABC08E92740AB6A002D7FA8 /* EmailField.swift in Sources */ = {isa = PBXBuildFile; fileRef = 2ABC08DC2740AB6A002D7FA8 /* EmailField.swift */; };
		2ADA7B4C26F9700E0000E92F /* AuthenticationService.swift in Sources */ = {isa = PBXBuildFile; fileRef = 2ADA7B4B26F9700E0000E92F /* AuthenticationService.swift */; };
		2ADEA344275C6CBC00DCC06B /* ScheculeViewModel.swift in Sources */ = {isa = PBXBuildFile; fileRef = 2ADEA343275C6CBC00DCC06B /* ScheculeViewModel.swift */; };
		2ADEA346275CABA200DCC06B /* ClassView.swift in Sources */ = {isa = PBXBuildFile; fileRef = 2ADEA345275CABA200DCC06B /* ClassView.swift */; };
		2ADEA349275CB02D00DCC06B /* ClassViewModel.swift in Sources */ = {isa = PBXBuildFile; fileRef = 2ADEA348275CB02D00DCC06B /* ClassViewModel.swift */; };
		2ADEA34C275D4B2A00DCC06B /* ClassroomView.swift in Sources */ = {isa = PBXBuildFile; fileRef = 2ADEA34B275D4B2A00DCC06B /* ClassroomView.swift */; };
		2ADEA34F275D637800DCC06B /* Realm in Frameworks */ = {isa = PBXBuildFile; productRef = 2ADEA34E275D637800DCC06B /* Realm */; };
		2ADEA351275D637800DCC06B /* RealmSwift in Frameworks */ = {isa = PBXBuildFile; productRef = 2ADEA350275D637800DCC06B /* RealmSwift */; };
		2ADEA36D275D664D00DCC06B /* MultipleChoice.swift in Sources */ = {isa = PBXBuildFile; fileRef = 2ADEA356275D664D00DCC06B /* MultipleChoice.swift */; };
		2ADEA36E275D664D00DCC06B /* MultipleChoiceFormView.swift in Sources */ = {isa = PBXBuildFile; fileRef = 2ADEA357275D664D00DCC06B /* MultipleChoiceFormView.swift */; };
		2ADEA36F275D664D00DCC06B /* MultipleChoiceView.swift in Sources */ = {isa = PBXBuildFile; fileRef = 2ADEA358275D664D00DCC06B /* MultipleChoiceView.swift */; };
		2ADEA371275D664D00DCC06B /* ProgressBarView.swift in Sources */ = {isa = PBXBuildFile; fileRef = 2ADEA35A275D664D00DCC06B /* ProgressBarView.swift */; };
		2ADEA372275D664D00DCC06B /* CreatePoolView.swift in Sources */ = {isa = PBXBuildFile; fileRef = 2ADEA35B275D664D00DCC06B /* CreatePoolView.swift */; };
		2ADEA373275D664D00DCC06B /* TimeStepperView.swift in Sources */ = {isa = PBXBuildFile; fileRef = 2ADEA35C275D664D00DCC06B /* TimeStepperView.swift */; };
		2ADEA374275D664D00DCC06B /* StatementView.swift in Sources */ = {isa = PBXBuildFile; fileRef = 2ADEA35E275D664D00DCC06B /* StatementView.swift */; };
		2ADEA375275D664D00DCC06B /* Statement.swift in Sources */ = {isa = PBXBuildFile; fileRef = 2ADEA35F275D664D00DCC06B /* Statement.swift */; };
		2ADEA376275D664D00DCC06B /* StatementFormView.swift in Sources */ = {isa = PBXBuildFile; fileRef = 2ADEA360275D664D00DCC06B /* StatementFormView.swift */; };
		2ADEA377275D664D00DCC06B /* PollManager.swift in Sources */ = {isa = PBXBuildFile; fileRef = 2ADEA361275D664D00DCC06B /* PollManager.swift */; };
		2ADEA378275D664D00DCC06B /* PollModel.swift in Sources */ = {isa = PBXBuildFile; fileRef = 2ADEA362275D664D00DCC06B /* PollModel.swift */; };
		2ADEA379275D664D00DCC06B /* SelectionFormView.swift in Sources */ = {isa = PBXBuildFile; fileRef = 2ADEA364275D664D00DCC06B /* SelectionFormView.swift */; };
		2ADEA37A275D664D00DCC06B /* SelectionView.swift in Sources */ = {isa = PBXBuildFile; fileRef = 2ADEA365275D664D00DCC06B /* SelectionView.swift */; };
		2ADEA37B275D664D00DCC06B /* Selection.swift in Sources */ = {isa = PBXBuildFile; fileRef = 2ADEA366275D664D00DCC06B /* Selection.swift */; };
		2ADEA37C275D664D00DCC06B /* PollComponent.swift in Sources */ = {isa = PBXBuildFile; fileRef = 2ADEA367275D664D00DCC06B /* PollComponent.swift */; };
		2ADEA37D275D664D00DCC06B /* PersistenceController.swift in Sources */ = {isa = PBXBuildFile; fileRef = 2ADEA368275D664D00DCC06B /* PersistenceController.swift */; };
		2ADEA37E275D664D00DCC06B /* Agree.swift in Sources */ = {isa = PBXBuildFile; fileRef = 2ADEA36A275D664D00DCC06B /* Agree.swift */; };
		2ADEA37F275D664E00DCC06B /* AgreeFormView.swift in Sources */ = {isa = PBXBuildFile; fileRef = 2ADEA36B275D664D00DCC06B /* AgreeFormView.swift */; };
		2ADEA380275D664E00DCC06B /* AgreeView.swift in Sources */ = {isa = PBXBuildFile; fileRef = 2ADEA36C275D664D00DCC06B /* AgreeView.swift */; };
		2ADEA384275DD82100DCC06B /* EnrolledCourseListView.swift in Sources */ = {isa = PBXBuildFile; fileRef = 2ADEA383275DD82100DCC06B /* EnrolledCourseListView.swift */; };
		2ADEA386275DD88F00DCC06B /* EnrolledCourseListViewModel.swift in Sources */ = {isa = PBXBuildFile; fileRef = 2ADEA385275DD88F00DCC06B /* EnrolledCourseListViewModel.swift */; };
		2ADEA388275DE5DC00DCC06B /* StudentClassView.swift in Sources */ = {isa = PBXBuildFile; fileRef = 2ADEA387275DE5DC00DCC06B /* StudentClassView.swift */; };
		2ADEA38A275DF81B00DCC06B /* StudentWeekSelectorView.swift in Sources */ = {isa = PBXBuildFile; fileRef = 2ADEA389275DF81B00DCC06B /* StudentWeekSelectorView.swift */; };
		2ADEA38D275DFA0100DCC06B /* PollConnectionManager.swift in Sources */ = {isa = PBXBuildFile; fileRef = 2ADEA38C275DFA0100DCC06B /* PollConnectionManager.swift */; };
		2ADEA38F275E06F400DCC06B /* StudentClassroomView.swift in Sources */ = {isa = PBXBuildFile; fileRef = 2ADEA38E275E06F400DCC06B /* StudentClassroomView.swift */; };
		2ADEA392275EFF8800DCC06B /* AttendanceView.swift in Sources */ = {isa = PBXBuildFile; fileRef = 2ADEA391275EFF8800DCC06B /* AttendanceView.swift */; };
		2AED238A27370BA30022F108 /* FirebaseAuth in Frameworks */ = {isa = PBXBuildFile; productRef = 2AED238927370BA30022F108 /* FirebaseAuth */; };
		2AED238C27370BA30022F108 /* FirebaseAuthCombine-Community in Frameworks */ = {isa = PBXBuildFile; productRef = 2AED238B27370BA30022F108 /* FirebaseAuthCombine-Community */; };
		2AED238E27370BA30022F108 /* FirebaseFirestore in Frameworks */ = {isa = PBXBuildFile; productRef = 2AED238D27370BA30022F108 /* FirebaseFirestore */; };
		2AED239027370BA30022F108 /* FirebaseFirestoreCombine-Community in Frameworks */ = {isa = PBXBuildFile; productRef = 2AED238F27370BA30022F108 /* FirebaseFirestoreCombine-Community */; };
		2AED239227370BA30022F108 /* FirebaseFirestoreSwift-Beta in Frameworks */ = {isa = PBXBuildFile; productRef = 2AED239127370BA30022F108 /* FirebaseFirestoreSwift-Beta */; };
		2AED239427370BA30022F108 /* FirebaseRemoteConfig in Frameworks */ = {isa = PBXBuildFile; productRef = 2AED239327370BA30022F108 /* FirebaseRemoteConfig */; };
		2AED239627370BA30022F108 /* FirebaseStorage in Frameworks */ = {isa = PBXBuildFile; productRef = 2AED239527370BA30022F108 /* FirebaseStorage */; };
		2AED239827370BA30022F108 /* FirebaseStorageCombine-Community in Frameworks */ = {isa = PBXBuildFile; productRef = 2AED239727370BA30022F108 /* FirebaseStorageCombine-Community */; };
		2AED239A27370BA30022F108 /* FirebaseStorageSwift-Beta in Frameworks */ = {isa = PBXBuildFile; productRef = 2AED239927370BA30022F108 /* FirebaseStorageSwift-Beta */; };
		2AED23B7273F26660022F108 /* Queries.graphql in Resources */ = {isa = PBXBuildFile; fileRef = 2AED23B6273F26650022F108 /* Queries.graphql */; };
		2AED23BE273F55BA0022F108 /* APIService.swift in Sources */ = {isa = PBXBuildFile; fileRef = 2AED23BD273F55BA0022F108 /* APIService.swift */; };
		2AED23C0273F5DFB0022F108 /* TokenAddingInterceptor.swift in Sources */ = {isa = PBXBuildFile; fileRef = 2AED23BF273F5DFA0022F108 /* TokenAddingInterceptor.swift */; };
		2AED23C5273F66160022F108 /* NetworkInterceptorProvider.swift in Sources */ = {isa = PBXBuildFile; fileRef = 2AED23C4273F66160022F108 /* NetworkInterceptorProvider.swift */; };
		2AED23C7273F66F40022F108 /* APIRepository.swift in Sources */ = {isa = PBXBuildFile; fileRef = 2AED23C6273F66F40022F108 /* APIRepository.swift */; };
		2AED23D3273F8D3E0022F108 /* APIState.swift in Sources */ = {isa = PBXBuildFile; fileRef = 2AED23D2273F8D3E0022F108 /* APIState.swift */; };
		2AED23D927409BB30022F108 /* StudentTapView.swift in Sources */ = {isa = PBXBuildFile; fileRef = 2AED23D827409BB30022F108 /* StudentTapView.swift */; };
		2AEFBCAE2740B0D90026B630 /* CoursesView.swift in Sources */ = {isa = PBXBuildFile; fileRef = 2AEFBCAD2740B0D90026B630 /* CoursesView.swift */; };
		2AEFBCB12740B5290026B630 /* CoursesContentView.swift in Sources */ = {isa = PBXBuildFile; fileRef = 2AEFBCB02740B5290026B630 /* CoursesContentView.swift */; };
		2AEFBCB32740B9F50026B630 /* CourseCellView.swift in Sources */ = {isa = PBXBuildFile; fileRef = 2AEFBCB22740B9F50026B630 /* CourseCellView.swift */; };
		2AEFBCBA2745DCF10026B630 /* WeekSelectorView.swift in Sources */ = {isa = PBXBuildFile; fileRef = 2AEFBCB92745DCF10026B630 /* WeekSelectorView.swift */; };
		2AEFBCC02748A0160026B630 /* PDFKitRepresentedView.swift in Sources */ = {isa = PBXBuildFile; fileRef = 2AEFBCBF2748A0160026B630 /* PDFKitRepresentedView.swift */; };
		2AEFBCFE274973990026B630 /* FileListView.swift in Sources */ = {isa = PBXBuildFile; fileRef = 2AEFBCFD274973990026B630 /* FileListView.swift */; };
		2AEFBD012749A3430026B630 /* ProfileView.swift in Sources */ = {isa = PBXBuildFile; fileRef = 2AEFBD002749A3430026B630 /* ProfileView.swift */; };
		2AEFBD0C274AE83C0026B630 /* ImagePickerView.swift in Sources */ = {isa = PBXBuildFile; fileRef = 2AEFBD0A274AE83B0026B630 /* ImagePickerView.swift */; };
		2AEFBD0D274AE83C0026B630 /* InformationView.swift in Sources */ = {isa = PBXBuildFile; fileRef = 2AEFBD0B274AE83B0026B630 /* InformationView.swift */; };
		2AEFBD14274B0B6F0026B630 /* SecurityView.swift in Sources */ = {isa = PBXBuildFile; fileRef = 2AEFBD12274B0B6E0026B630 /* SecurityView.swift */; };
		2AEFBD15274B0B6F0026B630 /* UpdatePasswordView.swift in Sources */ = {isa = PBXBuildFile; fileRef = 2AEFBD13274B0B6E0026B630 /* UpdatePasswordView.swift */; };
		2AEFBD17274B0DFB0026B630 /* ProfileImageView.swift in Sources */ = {isa = PBXBuildFile; fileRef = 2AEFBD16274B0DFB0026B630 /* ProfileImageView.swift */; };
		2AEFBD1A274B0EB20026B630 /* TFMemento.swift in Sources */ = {isa = PBXBuildFile; fileRef = 2AEFBD19274B0EB20026B630 /* TFMemento.swift */; };
		2AEFBD1D274B0FA00026B630 /* ExamListView.swift in Sources */ = {isa = PBXBuildFile; fileRef = 2AEFBD1C274B0FA00026B630 /* ExamListView.swift */; };
/* End PBXBuildFile section */

/* Begin PBXContainerItemProxy section */
		2A01E64F26F26C5500666A44 /* PBXContainerItemProxy */ = {
			isa = PBXContainerItemProxy;
			containerPortal = 2A01E63026F26C5400666A44 /* Project object */;
			proxyType = 1;
			remoteGlobalIDString = 2A01E63726F26C5400666A44;
			remoteInfo = Bilge;
		};
		2A01E65A26F26C5500666A44 /* PBXContainerItemProxy */ = {
			isa = PBXContainerItemProxy;
			containerPortal = 2A01E63026F26C5400666A44 /* Project object */;
			proxyType = 1;
			remoteGlobalIDString = 2A01E63726F26C5400666A44;
			remoteInfo = Bilge;
		};
/* End PBXContainerItemProxy section */

/* Begin PBXFileReference section */
		2A01E63826F26C5400666A44 /* Bilge.app */ = {isa = PBXFileReference; explicitFileType = wrapper.application; includeInIndex = 0; path = Bilge.app; sourceTree = BUILT_PRODUCTS_DIR; };
		2A01E63B26F26C5400666A44 /* BilgeApp.swift */ = {isa = PBXFileReference; lastKnownFileType = sourcecode.swift; path = BilgeApp.swift; sourceTree = "<group>"; };
		2A01E63F26F26C5500666A44 /* Assets.xcassets */ = {isa = PBXFileReference; lastKnownFileType = folder.assetcatalog; path = Assets.xcassets; sourceTree = "<group>"; };
		2A01E64226F26C5500666A44 /* Preview Assets.xcassets */ = {isa = PBXFileReference; lastKnownFileType = folder.assetcatalog; path = "Preview Assets.xcassets"; sourceTree = "<group>"; };
		2A01E64926F26C5500666A44 /* Info.plist */ = {isa = PBXFileReference; lastKnownFileType = text.plist.xml; path = Info.plist; sourceTree = "<group>"; };
		2A01E64E26F26C5500666A44 /* BilgeTests.xctest */ = {isa = PBXFileReference; explicitFileType = wrapper.cfbundle; includeInIndex = 0; path = BilgeTests.xctest; sourceTree = BUILT_PRODUCTS_DIR; };
		2A01E65226F26C5500666A44 /* BilgeTests.swift */ = {isa = PBXFileReference; lastKnownFileType = sourcecode.swift; path = BilgeTests.swift; sourceTree = "<group>"; };
		2A01E65426F26C5500666A44 /* Info.plist */ = {isa = PBXFileReference; lastKnownFileType = text.plist.xml; path = Info.plist; sourceTree = "<group>"; };
		2A01E65926F26C5500666A44 /* BilgeUITests.xctest */ = {isa = PBXFileReference; explicitFileType = wrapper.cfbundle; includeInIndex = 0; path = BilgeUITests.xctest; sourceTree = BUILT_PRODUCTS_DIR; };
		2A01E65D26F26C5500666A44 /* BilgeUITests.swift */ = {isa = PBXFileReference; lastKnownFileType = sourcecode.swift; path = BilgeUITests.swift; sourceTree = "<group>"; };
		2A01E65F26F26C5500666A44 /* Info.plist */ = {isa = PBXFileReference; lastKnownFileType = text.plist.xml; path = Info.plist; sourceTree = "<group>"; };
		2A01E66E26F26CBC00666A44 /* ContentView.swift */ = {isa = PBXFileReference; lastKnownFileType = sourcecode.swift; path = ContentView.swift; sourceTree = "<group>"; };
		2A01E67126F2E5EC00666A44 /* OnBoardingView.swift */ = {isa = PBXFileReference; lastKnownFileType = sourcecode.swift; path = OnBoardingView.swift; sourceTree = "<group>"; };
		2A01E67326F2E6D500666A44 /* SignInView.swift */ = {isa = PBXFileReference; lastKnownFileType = sourcecode.swift; path = SignInView.swift; sourceTree = "<group>"; };
		2A01E67526F2E70E00666A44 /* SignUpView.swift */ = {isa = PBXFileReference; lastKnownFileType = sourcecode.swift; path = SignUpView.swift; sourceTree = "<group>"; };
		2A01E68626F66F2100666A44 /* ForgotPasswordView.swift */ = {isa = PBXFileReference; lastKnownFileType = sourcecode.swift; path = ForgotPasswordView.swift; sourceTree = "<group>"; };
		2A01E68826F842EB00666A44 /* GoogleService-Info.plist */ = {isa = PBXFileReference; fileEncoding = 4; lastKnownFileType = text.plist.xml; path = "GoogleService-Info.plist"; sourceTree = "<group>"; };
		2A0333D12736A93F00E574E3 /* MyComponents */ = {isa = PBXFileReference; lastKnownFileType = folder; name = MyComponents; path = "/Users/juanpablocombarizamejia/Library/Developer/Xcode/DerivedData/Bilge-dctgtlnapurbxifygnvdptzelgjs/SourcePackages/checkouts/MyComponents"; sourceTree = "<absolute>"; };
		2A1AFF152707F6F7004623FA /* AppState.swift */ = {isa = PBXFileReference; lastKnownFileType = sourcecode.swift; path = AppState.swift; sourceTree = "<group>"; };
		2A1AFF172707F74A004623FA /* AuthenticationManager.swift */ = {isa = PBXFileReference; lastKnownFileType = sourcecode.swift; path = AuthenticationManager.swift; sourceTree = "<group>"; };
		2A1AFF192707F855004623FA /* Actions.swift */ = {isa = PBXFileReference; lastKnownFileType = sourcecode.swift; path = Actions.swift; sourceTree = "<group>"; };
		2A1AFF1B2707F915004623FA /* Store.swift */ = {isa = PBXFileReference; lastKnownFileType = sourcecode.swift; path = Store.swift; sourceTree = "<group>"; };
		2A1AFF222708BE90004623FA /* Redux.swift */ = {isa = PBXFileReference; lastKnownFileType = sourcecode.swift; path = Redux.swift; sourceTree = "<group>"; };
		2A1AFF242708C150004623FA /* Reducers.swift */ = {isa = PBXFileReference; lastKnownFileType = sourcecode.swift; path = Reducers.swift; sourceTree = "<group>"; };
		2A1AFF262708C83F004623FA /* Middlewares.swift */ = {isa = PBXFileReference; lastKnownFileType = sourcecode.swift; path = Middlewares.swift; sourceTree = "<group>"; };
		2A1AFF29270B9412004623FA /* SessionState.swift */ = {isa = PBXFileReference; lastKnownFileType = sourcecode.swift; path = SessionState.swift; sourceTree = "<group>"; };
		2A37A4A7270E45F7007C1868 /* SignInAction.swift */ = {isa = PBXFileReference; lastKnownFileType = sourcecode.swift; path = SignInAction.swift; sourceTree = "<group>"; };
		2A37A4AB270E4E98007C1868 /* SignInReducer.swift */ = {isa = PBXFileReference; lastKnownFileType = sourcecode.swift; path = SignInReducer.swift; sourceTree = "<group>"; };
		2A37A4AD270EAA05007C1868 /* Auth+Combine.swift */ = {isa = PBXFileReference; lastKnownFileType = sourcecode.swift; path = "Auth+Combine.swift"; sourceTree = "<group>"; };
		2A37A4AF270EB21C007C1868 /* Listeners.swift */ = {isa = PBXFileReference; lastKnownFileType = sourcecode.swift; path = Listeners.swift; sourceTree = "<group>"; };
		2A37A4B2270F3DB1007C1868 /* SignUpAction.swift */ = {isa = PBXFileReference; lastKnownFileType = sourcecode.swift; path = SignUpAction.swift; sourceTree = "<group>"; };
		2A37A4B4270F3E4F007C1868 /* SignUpReducer.swift */ = {isa = PBXFileReference; lastKnownFileType = sourcecode.swift; path = SignUpReducer.swift; sourceTree = "<group>"; };
		2A37A4B7270F550E007C1868 /* ForgotPasswordAction.swift */ = {isa = PBXFileReference; lastKnownFileType = sourcecode.swift; path = ForgotPasswordAction.swift; sourceTree = "<group>"; };
		2A37A4B9270F5719007C1868 /* ForgotPassworReducer.swift */ = {isa = PBXFileReference; lastKnownFileType = sourcecode.swift; path = ForgotPassworReducer.swift; sourceTree = "<group>"; };
		2A37A4BB270F5788007C1868 /* ForgotPasswordState.swift */ = {isa = PBXFileReference; lastKnownFileType = sourcecode.swift; path = ForgotPasswordState.swift; sourceTree = "<group>"; };
		2A37A4C4270F9512007C1868 /* HomeView.swift */ = {isa = PBXFileReference; lastKnownFileType = sourcecode.swift; path = HomeView.swift; sourceTree = "<group>"; };
		2A37A4C6270F9541007C1868 /* StudentView.swift */ = {isa = PBXFileReference; lastKnownFileType = sourcecode.swift; path = StudentView.swift; sourceTree = "<group>"; };
		2A37A4C8270F955F007C1868 /* TeacherView.swift */ = {isa = PBXFileReference; lastKnownFileType = sourcecode.swift; path = TeacherView.swift; sourceTree = "<group>"; };
		2A82D7E3275873E800919DF3 /* SignUpState.swift */ = {isa = PBXFileReference; lastKnownFileType = sourcecode.swift; path = SignUpState.swift; sourceTree = "<group>"; };
		2A82D7E52758761200919DF3 /* SignInState.swift */ = {isa = PBXFileReference; lastKnownFileType = sourcecode.swift; path = SignInState.swift; sourceTree = "<group>"; };
		2A82D7E727587CC700919DF3 /* AuthenticationMiddleware.swift */ = {isa = PBXFileReference; lastKnownFileType = sourcecode.swift; path = AuthenticationMiddleware.swift; sourceTree = "<group>"; };
		2A82D7E927587F8100919DF3 /* APIMiddleware.swift */ = {isa = PBXFileReference; lastKnownFileType = sourcecode.swift; path = APIMiddleware.swift; sourceTree = "<group>"; };
		2A82D7EB275882CE00919DF3 /* AppStateFactory.swift */ = {isa = PBXFileReference; lastKnownFileType = sourcecode.swift; path = AppStateFactory.swift; sourceTree = "<group>"; };
		2A82D7ED2758D34C00919DF3 /* TeacherTapView.swift */ = {isa = PBXFileReference; lastKnownFileType = sourcecode.swift; path = TeacherTapView.swift; sourceTree = "<group>"; };
		2A82D7F02758D62F00919DF3 /* SearchCourseView.swift */ = {isa = PBXFileReference; lastKnownFileType = sourcecode.swift; path = SearchCourseView.swift; sourceTree = "<group>"; };
		2A82D7F22758D73200919DF3 /* SearchCourseContentView.swift */ = {isa = PBXFileReference; lastKnownFileType = sourcecode.swift; path = SearchCourseContentView.swift; sourceTree = "<group>"; };
		2A82D7F42758E03500919DF3 /* SearchCellUsernameView.swift */ = {isa = PBXFileReference; lastKnownFileType = sourcecode.swift; path = SearchCellUsernameView.swift; sourceTree = "<group>"; };
		2A82D7F62758E19B00919DF3 /* SearchCourseListView.swift */ = {isa = PBXFileReference; lastKnownFileType = sourcecode.swift; path = SearchCourseListView.swift; sourceTree = "<group>"; };
		2A82D7F82758E30300919DF3 /* SearchCellCourseView.swift */ = {isa = PBXFileReference; lastKnownFileType = sourcecode.swift; path = SearchCellCourseView.swift; sourceTree = "<group>"; };
		2A82D7FA2758E4F200919DF3 /* SearchSectionsListView.swift */ = {isa = PBXFileReference; lastKnownFileType = sourcecode.swift; path = SearchSectionsListView.swift; sourceTree = "<group>"; };
		2A82D7FC2758E54100919DF3 /* SearchCellSectionView.swift */ = {isa = PBXFileReference; lastKnownFileType = sourcecode.swift; path = SearchCellSectionView.swift; sourceTree = "<group>"; };
		2A82D8032759A0DF00919DF3 /* API.swift */ = {isa = PBXFileReference; fileEncoding = 4; lastKnownFileType = sourcecode.swift; name = API.swift; path = Bilge/API.swift; sourceTree = SOURCE_ROOT; };
		2A82D805275AD22200919DF3 /* schema.json */ = {isa = PBXFileReference; fileEncoding = 4; lastKnownFileType = text.json; path = schema.json; sourceTree = "<group>"; };
		2A82D807275AEC3A00919DF3 /* CreateCourseView.swift */ = {isa = PBXFileReference; lastKnownFileType = sourcecode.swift; path = CreateCourseView.swift; sourceTree = "<group>"; };
		2A82D80A275B3C0300919DF3 /* SectionListView.swift */ = {isa = PBXFileReference; lastKnownFileType = sourcecode.swift; path = SectionListView.swift; sourceTree = "<group>"; };
		2A82D80C275B403C00919DF3 /* CreateSectionView.swift */ = {isa = PBXFileReference; lastKnownFileType = sourcecode.swift; path = CreateSectionView.swift; sourceTree = "<group>"; };
		2A82D80E275BDD2600919DF3 /* ScheduleView.swift */ = {isa = PBXFileReference; lastKnownFileType = sourcecode.swift; path = ScheduleView.swift; sourceTree = "<group>"; };
		2ABC08CD2740AB6A002D7FA8 /* GToggle.swift */ = {isa = PBXFileReference; fileEncoding = 4; lastKnownFileType = sourcecode.swift; path = GToggle.swift; sourceTree = "<group>"; };
		2ABC08CE2740AB6A002D7FA8 /* GToggleStyle.swift */ = {isa = PBXFileReference; fileEncoding = 4; lastKnownFileType = sourcecode.swift; path = GToggleStyle.swift; sourceTree = "<group>"; };
		2ABC08CF2740AB6A002D7FA8 /* GLink.swift */ = {isa = PBXFileReference; fileEncoding = 4; lastKnownFileType = sourcecode.swift; path = GLink.swift; sourceTree = "<group>"; };
		2ABC08D12740AB6A002D7FA8 /* SnackBar.swift */ = {isa = PBXFileReference; fileEncoding = 4; lastKnownFileType = sourcecode.swift; path = SnackBar.swift; sourceTree = "<group>"; };
		2ABC08D22740AB6A002D7FA8 /* SnackBarPopUp.swift */ = {isa = PBXFileReference; fileEncoding = 4; lastKnownFileType = sourcecode.swift; path = SnackBarPopUp.swift; sourceTree = "<group>"; };
		2ABC08D32740AB6A002D7FA8 /* View+Extension.swift */ = {isa = PBXFileReference; fileEncoding = 4; lastKnownFileType = sourcecode.swift; path = "View+Extension.swift"; sourceTree = "<group>"; };
		2ABC08D52740AB6A002D7FA8 /* GBorderButtonStyle.swift */ = {isa = PBXFileReference; fileEncoding = 4; lastKnownFileType = sourcecode.swift; path = GBorderButtonStyle.swift; sourceTree = "<group>"; };
		2ABC08D62740AB6A002D7FA8 /* GBorderButton.swift */ = {isa = PBXFileReference; fileEncoding = 4; lastKnownFileType = sourcecode.swift; path = GBorderButton.swift; sourceTree = "<group>"; };
		2ABC08D72740AB6A002D7FA8 /* GButton.swift */ = {isa = PBXFileReference; fileEncoding = 4; lastKnownFileType = sourcecode.swift; path = GButton.swift; sourceTree = "<group>"; };
		2ABC08D82740AB6A002D7FA8 /* GButtonStyle.swift */ = {isa = PBXFileReference; fileEncoding = 4; lastKnownFileType = sourcecode.swift; path = GButtonStyle.swift; sourceTree = "<group>"; };
		2ABC08DA2740AB6A002D7FA8 /* PasswordField.swift */ = {isa = PBXFileReference; fileEncoding = 4; lastKnownFileType = sourcecode.swift; path = PasswordField.swift; sourceTree = "<group>"; };
		2ABC08DB2740AB6A002D7FA8 /* GTextField.swift */ = {isa = PBXFileReference; fileEncoding = 4; lastKnownFileType = sourcecode.swift; path = GTextField.swift; sourceTree = "<group>"; };
		2ABC08DC2740AB6A002D7FA8 /* EmailField.swift */ = {isa = PBXFileReference; fileEncoding = 4; lastKnownFileType = sourcecode.swift; path = EmailField.swift; sourceTree = "<group>"; };
		2ADA7B4B26F9700E0000E92F /* AuthenticationService.swift */ = {isa = PBXFileReference; lastKnownFileType = sourcecode.swift; path = AuthenticationService.swift; sourceTree = "<group>"; };
		2ADEA343275C6CBC00DCC06B /* ScheculeViewModel.swift */ = {isa = PBXFileReference; lastKnownFileType = sourcecode.swift; path = ScheculeViewModel.swift; sourceTree = "<group>"; };
		2ADEA345275CABA200DCC06B /* ClassView.swift */ = {isa = PBXFileReference; lastKnownFileType = sourcecode.swift; path = ClassView.swift; sourceTree = "<group>"; };
		2ADEA348275CB02D00DCC06B /* ClassViewModel.swift */ = {isa = PBXFileReference; lastKnownFileType = sourcecode.swift; path = ClassViewModel.swift; sourceTree = "<group>"; };
		2ADEA34B275D4B2A00DCC06B /* ClassroomView.swift */ = {isa = PBXFileReference; lastKnownFileType = sourcecode.swift; path = ClassroomView.swift; sourceTree = "<group>"; };
		2ADEA356275D664D00DCC06B /* MultipleChoice.swift */ = {isa = PBXFileReference; fileEncoding = 4; lastKnownFileType = sourcecode.swift; path = MultipleChoice.swift; sourceTree = "<group>"; };
		2ADEA357275D664D00DCC06B /* MultipleChoiceFormView.swift */ = {isa = PBXFileReference; fileEncoding = 4; lastKnownFileType = sourcecode.swift; path = MultipleChoiceFormView.swift; sourceTree = "<group>"; };
		2ADEA358275D664D00DCC06B /* MultipleChoiceView.swift */ = {isa = PBXFileReference; fileEncoding = 4; lastKnownFileType = sourcecode.swift; path = MultipleChoiceView.swift; sourceTree = "<group>"; };
		2ADEA35A275D664D00DCC06B /* ProgressBarView.swift */ = {isa = PBXFileReference; fileEncoding = 4; lastKnownFileType = sourcecode.swift; path = ProgressBarView.swift; sourceTree = "<group>"; };
		2ADEA35B275D664D00DCC06B /* CreatePoolView.swift */ = {isa = PBXFileReference; fileEncoding = 4; lastKnownFileType = sourcecode.swift; path = CreatePoolView.swift; sourceTree = "<group>"; };
		2ADEA35C275D664D00DCC06B /* TimeStepperView.swift */ = {isa = PBXFileReference; fileEncoding = 4; lastKnownFileType = sourcecode.swift; path = TimeStepperView.swift; sourceTree = "<group>"; };
		2ADEA35E275D664D00DCC06B /* StatementView.swift */ = {isa = PBXFileReference; fileEncoding = 4; lastKnownFileType = sourcecode.swift; path = StatementView.swift; sourceTree = "<group>"; };
		2ADEA35F275D664D00DCC06B /* Statement.swift */ = {isa = PBXFileReference; fileEncoding = 4; lastKnownFileType = sourcecode.swift; path = Statement.swift; sourceTree = "<group>"; };
		2ADEA360275D664D00DCC06B /* StatementFormView.swift */ = {isa = PBXFileReference; fileEncoding = 4; lastKnownFileType = sourcecode.swift; path = StatementFormView.swift; sourceTree = "<group>"; };
		2ADEA361275D664D00DCC06B /* PollManager.swift */ = {isa = PBXFileReference; fileEncoding = 4; lastKnownFileType = sourcecode.swift; path = PollManager.swift; sourceTree = "<group>"; };
		2ADEA362275D664D00DCC06B /* PollModel.swift */ = {isa = PBXFileReference; fileEncoding = 4; lastKnownFileType = sourcecode.swift; path = PollModel.swift; sourceTree = "<group>"; };
		2ADEA364275D664D00DCC06B /* SelectionFormView.swift */ = {isa = PBXFileReference; fileEncoding = 4; lastKnownFileType = sourcecode.swift; path = SelectionFormView.swift; sourceTree = "<group>"; };
		2ADEA365275D664D00DCC06B /* SelectionView.swift */ = {isa = PBXFileReference; fileEncoding = 4; lastKnownFileType = sourcecode.swift; path = SelectionView.swift; sourceTree = "<group>"; };
		2ADEA366275D664D00DCC06B /* Selection.swift */ = {isa = PBXFileReference; fileEncoding = 4; lastKnownFileType = sourcecode.swift; path = Selection.swift; sourceTree = "<group>"; };
		2ADEA367275D664D00DCC06B /* PollComponent.swift */ = {isa = PBXFileReference; fileEncoding = 4; lastKnownFileType = sourcecode.swift; path = PollComponent.swift; sourceTree = "<group>"; };
		2ADEA368275D664D00DCC06B /* PersistenceController.swift */ = {isa = PBXFileReference; fileEncoding = 4; lastKnownFileType = sourcecode.swift; path = PersistenceController.swift; sourceTree = "<group>"; };
		2ADEA36A275D664D00DCC06B /* Agree.swift */ = {isa = PBXFileReference; fileEncoding = 4; lastKnownFileType = sourcecode.swift; path = Agree.swift; sourceTree = "<group>"; };
		2ADEA36B275D664D00DCC06B /* AgreeFormView.swift */ = {isa = PBXFileReference; fileEncoding = 4; lastKnownFileType = sourcecode.swift; path = AgreeFormView.swift; sourceTree = "<group>"; };
		2ADEA36C275D664D00DCC06B /* AgreeView.swift */ = {isa = PBXFileReference; fileEncoding = 4; lastKnownFileType = sourcecode.swift; path = AgreeView.swift; sourceTree = "<group>"; };
		2ADEA383275DD82100DCC06B /* EnrolledCourseListView.swift */ = {isa = PBXFileReference; lastKnownFileType = sourcecode.swift; path = EnrolledCourseListView.swift; sourceTree = "<group>"; };
		2ADEA385275DD88F00DCC06B /* EnrolledCourseListViewModel.swift */ = {isa = PBXFileReference; lastKnownFileType = sourcecode.swift; path = EnrolledCourseListViewModel.swift; sourceTree = "<group>"; };
		2ADEA387275DE5DC00DCC06B /* StudentClassView.swift */ = {isa = PBXFileReference; lastKnownFileType = sourcecode.swift; path = StudentClassView.swift; sourceTree = "<group>"; };
		2ADEA389275DF81B00DCC06B /* StudentWeekSelectorView.swift */ = {isa = PBXFileReference; lastKnownFileType = sourcecode.swift; path = StudentWeekSelectorView.swift; sourceTree = "<group>"; };
		2ADEA38C275DFA0100DCC06B /* PollConnectionManager.swift */ = {isa = PBXFileReference; lastKnownFileType = sourcecode.swift; path = PollConnectionManager.swift; sourceTree = "<group>"; };
		2ADEA38E275E06F400DCC06B /* StudentClassroomView.swift */ = {isa = PBXFileReference; lastKnownFileType = sourcecode.swift; path = StudentClassroomView.swift; sourceTree = "<group>"; };
		2ADEA391275EFF8800DCC06B /* AttendanceView.swift */ = {isa = PBXFileReference; lastKnownFileType = sourcecode.swift; path = AttendanceView.swift; sourceTree = "<group>"; };
		2AED23B6273F26650022F108 /* Queries.graphql */ = {isa = PBXFileReference; lastKnownFileType = text; path = Queries.graphql; sourceTree = "<group>"; };
		2AED23BD273F55BA0022F108 /* APIService.swift */ = {isa = PBXFileReference; lastKnownFileType = sourcecode.swift; path = APIService.swift; sourceTree = "<group>"; };
		2AED23BF273F5DFA0022F108 /* TokenAddingInterceptor.swift */ = {isa = PBXFileReference; lastKnownFileType = sourcecode.swift; path = TokenAddingInterceptor.swift; sourceTree = "<group>"; };
		2AED23C4273F66160022F108 /* NetworkInterceptorProvider.swift */ = {isa = PBXFileReference; lastKnownFileType = sourcecode.swift; path = NetworkInterceptorProvider.swift; sourceTree = "<group>"; };
		2AED23C6273F66F40022F108 /* APIRepository.swift */ = {isa = PBXFileReference; lastKnownFileType = sourcecode.swift; path = APIRepository.swift; sourceTree = "<group>"; };
		2AED23D2273F8D3E0022F108 /* APIState.swift */ = {isa = PBXFileReference; lastKnownFileType = sourcecode.swift; path = APIState.swift; sourceTree = "<group>"; };
		2AED23D827409BB30022F108 /* StudentTapView.swift */ = {isa = PBXFileReference; lastKnownFileType = sourcecode.swift; path = StudentTapView.swift; sourceTree = "<group>"; };
		2AEFBCAD2740B0D90026B630 /* CoursesView.swift */ = {isa = PBXFileReference; lastKnownFileType = sourcecode.swift; path = CoursesView.swift; sourceTree = "<group>"; };
		2AEFBCB02740B5290026B630 /* CoursesContentView.swift */ = {isa = PBXFileReference; lastKnownFileType = sourcecode.swift; path = CoursesContentView.swift; sourceTree = "<group>"; };
		2AEFBCB22740B9F50026B630 /* CourseCellView.swift */ = {isa = PBXFileReference; lastKnownFileType = sourcecode.swift; path = CourseCellView.swift; sourceTree = "<group>"; };
		2AEFBCB92745DCF10026B630 /* WeekSelectorView.swift */ = {isa = PBXFileReference; lastKnownFileType = sourcecode.swift; path = WeekSelectorView.swift; sourceTree = "<group>"; };
		2AEFBCBF2748A0160026B630 /* PDFKitRepresentedView.swift */ = {isa = PBXFileReference; lastKnownFileType = sourcecode.swift; path = PDFKitRepresentedView.swift; sourceTree = "<group>"; };
		2AEFBCFD274973990026B630 /* FileListView.swift */ = {isa = PBXFileReference; lastKnownFileType = sourcecode.swift; path = FileListView.swift; sourceTree = "<group>"; };
		2AEFBD002749A3430026B630 /* ProfileView.swift */ = {isa = PBXFileReference; lastKnownFileType = sourcecode.swift; path = ProfileView.swift; sourceTree = "<group>"; };
		2AEFBD0A274AE83B0026B630 /* ImagePickerView.swift */ = {isa = PBXFileReference; fileEncoding = 4; lastKnownFileType = sourcecode.swift; path = ImagePickerView.swift; sourceTree = "<group>"; };
		2AEFBD0B274AE83B0026B630 /* InformationView.swift */ = {isa = PBXFileReference; fileEncoding = 4; lastKnownFileType = sourcecode.swift; path = InformationView.swift; sourceTree = "<group>"; };
		2AEFBD12274B0B6E0026B630 /* SecurityView.swift */ = {isa = PBXFileReference; fileEncoding = 4; lastKnownFileType = sourcecode.swift; path = SecurityView.swift; sourceTree = "<group>"; };
		2AEFBD13274B0B6E0026B630 /* UpdatePasswordView.swift */ = {isa = PBXFileReference; fileEncoding = 4; lastKnownFileType = sourcecode.swift; path = UpdatePasswordView.swift; sourceTree = "<group>"; };
		2AEFBD16274B0DFB0026B630 /* ProfileImageView.swift */ = {isa = PBXFileReference; lastKnownFileType = sourcecode.swift; path = ProfileImageView.swift; sourceTree = "<group>"; };
		2AEFBD19274B0EB20026B630 /* TFMemento.swift */ = {isa = PBXFileReference; lastKnownFileType = sourcecode.swift; path = TFMemento.swift; sourceTree = "<group>"; };
		2AEFBD1C274B0FA00026B630 /* ExamListView.swift */ = {isa = PBXFileReference; lastKnownFileType = sourcecode.swift; path = ExamListView.swift; sourceTree = "<group>"; };
/* End PBXFileReference section */

/* Begin PBXFrameworksBuildPhase section */
		2A01E63526F26C5400666A44 /* Frameworks */ = {
			isa = PBXFrameworksBuildPhase;
			buildActionMask = 2147483647;
			files = (
				2ADEA351275D637800DCC06B /* RealmSwift in Frameworks */,
				2ADEA34F275D637800DCC06B /* Realm in Frameworks */,
				2AED238E27370BA30022F108 /* FirebaseFirestore in Frameworks */,
				2AED238C27370BA30022F108 /* FirebaseAuthCombine-Community in Frameworks */,
				2AED239427370BA30022F108 /* FirebaseRemoteConfig in Frameworks */,
				2AED239227370BA30022F108 /* FirebaseFirestoreSwift-Beta in Frameworks */,
				2AED239A27370BA30022F108 /* FirebaseStorageSwift-Beta in Frameworks */,
				2ABC08BA2740A5FC002D7FA8 /* Apollo in Frameworks */,
				2AED239627370BA30022F108 /* FirebaseStorage in Frameworks */,
				2AED239027370BA30022F108 /* FirebaseFirestoreCombine-Community in Frameworks */,
				2AED239827370BA30022F108 /* FirebaseStorageCombine-Community in Frameworks */,
				2AED238A27370BA30022F108 /* FirebaseAuth in Frameworks */,
			);
			runOnlyForDeploymentPostprocessing = 0;
		};
		2A01E64B26F26C5500666A44 /* Frameworks */ = {
			isa = PBXFrameworksBuildPhase;
			buildActionMask = 2147483647;
			files = (
			);
			runOnlyForDeploymentPostprocessing = 0;
		};
		2A01E65626F26C5500666A44 /* Frameworks */ = {
			isa = PBXFrameworksBuildPhase;
			buildActionMask = 2147483647;
			files = (
			);
			runOnlyForDeploymentPostprocessing = 0;
		};
/* End PBXFrameworksBuildPhase section */

/* Begin PBXGroup section */
		2A01E62F26F26C5400666A44 = {
			isa = PBXGroup;
			children = (
				2A01E63A26F26C5400666A44 /* Bilge */,
				2A01E65126F26C5500666A44 /* BilgeTests */,
				2A01E65C26F26C5500666A44 /* BilgeUITests */,
				2A01E63926F26C5400666A44 /* Products */,
				2A5D00C026FA5CF80040C43E /* Frameworks */,
			);
			sourceTree = "<group>";
		};
		2A01E63926F26C5400666A44 /* Products */ = {
			isa = PBXGroup;
			children = (
				2A01E63826F26C5400666A44 /* Bilge.app */,
				2A01E64E26F26C5500666A44 /* BilgeTests.xctest */,
				2A01E65926F26C5500666A44 /* BilgeUITests.xctest */,
			);
			name = Products;
			sourceTree = "<group>";
		};
		2A01E63A26F26C5400666A44 /* Bilge */ = {
			isa = PBXGroup;
			children = (
				2A82D805275AD22200919DF3 /* schema.json */,
				2ADEA38B275DF9D600DCC06B /* multipeer */,
				2ADEA381275D665800DCC06B /* persistence */,
				2ADEA354275D664D00DCC06B /* poll */,
				2ABC08C12740AA63002D7FA8 /* components */,
				2A37A4BF270F94CD007C1868 /* home */,
				2A01E67026F2E5D200666A44 /* onboarding */,
				2A1AFF142707F6D6004623FA /* redux */,
				2A01E66B26F26C5C00666A44 /* model */,
				2A01E63B26F26C5400666A44 /* BilgeApp.swift */,
				2A01E66E26F26CBC00666A44 /* ContentView.swift */,
				2A01E63F26F26C5500666A44 /* Assets.xcassets */,
				2A01E64926F26C5500666A44 /* Info.plist */,
				2A01E68826F842EB00666A44 /* GoogleService-Info.plist */,
				2A01E64126F26C5500666A44 /* Preview Content */,
			);
			path = Bilge;
			sourceTree = "<group>";
		};
		2A01E64126F26C5500666A44 /* Preview Content */ = {
			isa = PBXGroup;
			children = (
				2A01E64226F26C5500666A44 /* Preview Assets.xcassets */,
			);
			path = "Preview Content";
			sourceTree = "<group>";
		};
		2A01E65126F26C5500666A44 /* BilgeTests */ = {
			isa = PBXGroup;
			children = (
				2A01E65226F26C5500666A44 /* BilgeTests.swift */,
				2A01E65426F26C5500666A44 /* Info.plist */,
			);
			path = BilgeTests;
			sourceTree = "<group>";
		};
		2A01E65C26F26C5500666A44 /* BilgeUITests */ = {
			isa = PBXGroup;
			children = (
				2A01E65D26F26C5500666A44 /* BilgeUITests.swift */,
				2A01E65F26F26C5500666A44 /* Info.plist */,
			);
			path = BilgeUITests;
			sourceTree = "<group>";
		};
		2A01E66B26F26C5C00666A44 /* model */ = {
			isa = PBXGroup;
			children = (
				2A263DA32735C3FE00DD53F8 /* netwrok */,
				2ADA7B4A26F96FEC0000E92F /* authentication */,
				2A82D7EB275882CE00919DF3 /* AppStateFactory.swift */,
			);
			path = model;
			sourceTree = "<group>";
		};
		2A01E67026F2E5D200666A44 /* onboarding */ = {
			isa = PBXGroup;
			children = (
				2A01E67126F2E5EC00666A44 /* OnBoardingView.swift */,
				2A37A4B1270F3D84007C1868 /* signUp */,
				2A37A4A6270E45D4007C1868 /* signIn */,
				2A37A4B6270F54C2007C1868 /* forgotPassword */,
			);
			path = onboarding;
			sourceTree = "<group>";
		};
		2A1AFF142707F6D6004623FA /* redux */ = {
			isa = PBXGroup;
			children = (
				2A1AFF28270B9394004623FA /* state */,
				2A1AFF192707F855004623FA /* Actions.swift */,
				2A1AFF1B2707F915004623FA /* Store.swift */,
				2A1AFF222708BE90004623FA /* Redux.swift */,
				2A1AFF242708C150004623FA /* Reducers.swift */,
				2A1AFF262708C83F004623FA /* Middlewares.swift */,
				2A37A4AF270EB21C007C1868 /* Listeners.swift */,
			);
			path = redux;
			sourceTree = "<group>";
		};
		2A1AFF28270B9394004623FA /* state */ = {
			isa = PBXGroup;
			children = (
				2A1AFF152707F6F7004623FA /* AppState.swift */,
				2A1AFF29270B9412004623FA /* SessionState.swift */,
				2AED23D2273F8D3E0022F108 /* APIState.swift */,
			);
			path = state;
			sourceTree = "<group>";
		};
		2A263DA32735C3FE00DD53F8 /* netwrok */ = {
			isa = PBXGroup;
			children = (
				2AED23B6273F26650022F108 /* Queries.graphql */,
				2A82D8032759A0DF00919DF3 /* API.swift */,
				2AED23BD273F55BA0022F108 /* APIService.swift */,
				2AED23C6273F66F40022F108 /* APIRepository.swift */,
				2AED23BF273F5DFA0022F108 /* TokenAddingInterceptor.swift */,
				2AED23C4273F66160022F108 /* NetworkInterceptorProvider.swift */,
				2A82D7E927587F8100919DF3 /* APIMiddleware.swift */,
			);
			path = netwrok;
			sourceTree = "<group>";
		};
		2A37A4A6270E45D4007C1868 /* signIn */ = {
			isa = PBXGroup;
			children = (
				2A01E67326F2E6D500666A44 /* SignInView.swift */,
				2A37A4A7270E45F7007C1868 /* SignInAction.swift */,
				2A37A4AB270E4E98007C1868 /* SignInReducer.swift */,
				2A82D7E52758761200919DF3 /* SignInState.swift */,
			);
			path = signIn;
			sourceTree = "<group>";
		};
		2A37A4B1270F3D84007C1868 /* signUp */ = {
			isa = PBXGroup;
			children = (
				2A01E67526F2E70E00666A44 /* SignUpView.swift */,
				2A37A4B2270F3DB1007C1868 /* SignUpAction.swift */,
				2A37A4B4270F3E4F007C1868 /* SignUpReducer.swift */,
				2A82D7E3275873E800919DF3 /* SignUpState.swift */,
			);
			path = signUp;
			sourceTree = "<group>";
		};
		2A37A4B6270F54C2007C1868 /* forgotPassword */ = {
			isa = PBXGroup;
			children = (
				2A01E68626F66F2100666A44 /* ForgotPasswordView.swift */,
				2A37A4B7270F550E007C1868 /* ForgotPasswordAction.swift */,
				2A37A4B9270F5719007C1868 /* ForgotPassworReducer.swift */,
				2A37A4BB270F5788007C1868 /* ForgotPasswordState.swift */,
			);
			path = forgotPassword;
			sourceTree = "<group>";
		};
		2A37A4BF270F94CD007C1868 /* home */ = {
			isa = PBXGroup;
			children = (
				2AEFBCFF2749A3270026B630 /* profile */,
				2A37A4C1270F94EB007C1868 /* teacher */,
				2A37A4C0270F94E0007C1868 /* student */,
				2A37A4C4270F9512007C1868 /* HomeView.swift */,
			);
			path = home;
			sourceTree = "<group>";
		};
		2A37A4C0270F94E0007C1868 /* student */ = {
			isa = PBXGroup;
			children = (
				2ADEA382275DD80000DCC06B /* courses */,
				2A82D7EF2758D61000919DF3 /* search */,
				2A37A4C6270F9541007C1868 /* StudentView.swift */,
				2AED23D827409BB30022F108 /* StudentTapView.swift */,
			);
			path = student;
			sourceTree = "<group>";
		};
		2A37A4C1270F94EB007C1868 /* teacher */ = {
			isa = PBXGroup;
			children = (
				2AEFBCAF2740B5090026B630 /* course */,
				2A37A4C8270F955F007C1868 /* TeacherView.swift */,
				2A82D7ED2758D34C00919DF3 /* TeacherTapView.swift */,
			);
			path = teacher;
			sourceTree = "<group>";
		};
		2A5D00C026FA5CF80040C43E /* Frameworks */ = {
			isa = PBXGroup;
			children = (
				2A0333D12736A93F00E574E3 /* MyComponents */,
			);
			name = Frameworks;
			sourceTree = "<group>";
		};
		2A82D7EF2758D61000919DF3 /* search */ = {
			isa = PBXGroup;
			children = (
				2A82D7F02758D62F00919DF3 /* SearchCourseView.swift */,
				2A82D7F22758D73200919DF3 /* SearchCourseContentView.swift */,
				2A82D7F42758E03500919DF3 /* SearchCellUsernameView.swift */,
				2A82D7F62758E19B00919DF3 /* SearchCourseListView.swift */,
				2A82D7F82758E30300919DF3 /* SearchCellCourseView.swift */,
				2A82D7FA2758E4F200919DF3 /* SearchSectionsListView.swift */,
				2A82D7FC2758E54100919DF3 /* SearchCellSectionView.swift */,
			);
			path = search;
			sourceTree = "<group>";
		};
		2A82D809275B3BBC00919DF3 /* section */ = {
			isa = PBXGroup;
			children = (
				2A82D80A275B3C0300919DF3 /* SectionListView.swift */,
				2A82D80C275B403C00919DF3 /* CreateSectionView.swift */,
				2A82D80E275BDD2600919DF3 /* ScheduleView.swift */,
				2ADEA343275C6CBC00DCC06B /* ScheculeViewModel.swift */,
			);
			path = section;
			sourceTree = "<group>";
		};
		2ABC08C12740AA63002D7FA8 /* components */ = {
			isa = PBXGroup;
			children = (
				2AEFBD0A274AE83B0026B630 /* ImagePickerView.swift */,
				2AEFBCB82745DCB70026B630 /* Dates */,
				2ABC08D42740AB6A002D7FA8 /* Buttons */,
				2ABC08CF2740AB6A002D7FA8 /* GLink.swift */,
				2ABC08D02740AB6A002D7FA8 /* SnackBar */,
				2ABC08D92740AB6A002D7FA8 /* TextFields */,
				2ABC08CC2740AB6A002D7FA8 /* Toggle */,
			);
			path = components;
			sourceTree = "<group>";
		};
		2ABC08CC2740AB6A002D7FA8 /* Toggle */ = {
			isa = PBXGroup;
			children = (
				2ABC08CD2740AB6A002D7FA8 /* GToggle.swift */,
				2ABC08CE2740AB6A002D7FA8 /* GToggleStyle.swift */,
			);
			path = Toggle;
			sourceTree = "<group>";
		};
		2ABC08D02740AB6A002D7FA8 /* SnackBar */ = {
			isa = PBXGroup;
			children = (
				2ABC08D12740AB6A002D7FA8 /* SnackBar.swift */,
				2ABC08D22740AB6A002D7FA8 /* SnackBarPopUp.swift */,
				2ABC08D32740AB6A002D7FA8 /* View+Extension.swift */,
			);
			path = SnackBar;
			sourceTree = "<group>";
		};
		2ABC08D42740AB6A002D7FA8 /* Buttons */ = {
			isa = PBXGroup;
			children = (
				2ABC08D52740AB6A002D7FA8 /* GBorderButtonStyle.swift */,
				2ABC08D62740AB6A002D7FA8 /* GBorderButton.swift */,
				2ABC08D72740AB6A002D7FA8 /* GButton.swift */,
				2ABC08D82740AB6A002D7FA8 /* GButtonStyle.swift */,
			);
			path = Buttons;
			sourceTree = "<group>";
		};
		2ABC08D92740AB6A002D7FA8 /* TextFields */ = {
			isa = PBXGroup;
			children = (
				2AEFBD18274B0EA00026B630 /* TFMemento */,
				2ABC08DA2740AB6A002D7FA8 /* PasswordField.swift */,
				2ABC08DB2740AB6A002D7FA8 /* GTextField.swift */,
				2ABC08DC2740AB6A002D7FA8 /* EmailField.swift */,
			);
			path = TextFields;
			sourceTree = "<group>";
		};
		2ADA7B4A26F96FEC0000E92F /* authentication */ = {
			isa = PBXGroup;
			children = (
				2ADA7B4B26F9700E0000E92F /* AuthenticationService.swift */,
				2A1AFF172707F74A004623FA /* AuthenticationManager.swift */,
				2A37A4AD270EAA05007C1868 /* Auth+Combine.swift */,
				2A82D7E727587CC700919DF3 /* AuthenticationMiddleware.swift */,
			);
			path = authentication;
			sourceTree = "<group>";
		};
		2ADEA347275CABAF00DCC06B /* class */ = {
			isa = PBXGroup;
			children = (
				2ADEA345275CABA200DCC06B /* ClassView.swift */,
				2ADEA348275CB02D00DCC06B /* ClassViewModel.swift */,
			);
			path = class;
			sourceTree = "<group>";
		};
		2ADEA34A275D4B1300DCC06B /* classroom */ = {
			isa = PBXGroup;
			children = (
				2ADEA34B275D4B2A00DCC06B /* ClassroomView.swift */,
			);
			path = classroom;
			sourceTree = "<group>";
		};
		2ADEA354275D664D00DCC06B /* poll */ = {
			isa = PBXGroup;
			children = (
				2ADEA35A275D664D00DCC06B /* ProgressBarView.swift */,
				2ADEA35B275D664D00DCC06B /* CreatePoolView.swift */,
				2ADEA35C275D664D00DCC06B /* TimeStepperView.swift */,
				2ADEA355275D664D00DCC06B /* MultipleChoice */,
				2ADEA369275D664D00DCC06B /* Agree */,
				2ADEA363275D664D00DCC06B /* Selection */,
				2ADEA35D275D664D00DCC06B /* Statement */,
				2ADEA361275D664D00DCC06B /* PollManager.swift */,
				2ADEA362275D664D00DCC06B /* PollModel.swift */,
				2ADEA367275D664D00DCC06B /* PollComponent.swift */,
			);
			path = poll;
			sourceTree = "<group>";
		};
		2ADEA355275D664D00DCC06B /* MultipleChoice */ = {
			isa = PBXGroup;
			children = (
				2ADEA356275D664D00DCC06B /* MultipleChoice.swift */,
				2ADEA357275D664D00DCC06B /* MultipleChoiceFormView.swift */,
				2ADEA358275D664D00DCC06B /* MultipleChoiceView.swift */,
			);
			path = MultipleChoice;
			sourceTree = "<group>";
		};
		2ADEA35D275D664D00DCC06B /* Statement */ = {
			isa = PBXGroup;
			children = (
				2ADEA35E275D664D00DCC06B /* StatementView.swift */,
				2ADEA35F275D664D00DCC06B /* Statement.swift */,
				2ADEA360275D664D00DCC06B /* StatementFormView.swift */,
			);
			path = Statement;
			sourceTree = "<group>";
		};
		2ADEA363275D664D00DCC06B /* Selection */ = {
			isa = PBXGroup;
			children = (
				2ADEA364275D664D00DCC06B /* SelectionFormView.swift */,
				2ADEA365275D664D00DCC06B /* SelectionView.swift */,
				2ADEA366275D664D00DCC06B /* Selection.swift */,
			);
			path = Selection;
			sourceTree = "<group>";
		};
		2ADEA369275D664D00DCC06B /* Agree */ = {
			isa = PBXGroup;
			children = (
				2ADEA36A275D664D00DCC06B /* Agree.swift */,
				2ADEA36B275D664D00DCC06B /* AgreeFormView.swift */,
				2ADEA36C275D664D00DCC06B /* AgreeView.swift */,
			);
			path = Agree;
			sourceTree = "<group>";
		};
		2ADEA381275D665800DCC06B /* persistence */ = {
			isa = PBXGroup;
			children = (
				2ADEA368275D664D00DCC06B /* PersistenceController.swift */,
			);
			path = persistence;
			sourceTree = "<group>";
		};
		2ADEA382275DD80000DCC06B /* courses */ = {
			isa = PBXGroup;
			children = (
				2ADEA389275DF81B00DCC06B /* StudentWeekSelectorView.swift */,
				2ADEA383275DD82100DCC06B /* EnrolledCourseListView.swift */,
				2ADEA385275DD88F00DCC06B /* EnrolledCourseListViewModel.swift */,
				2ADEA387275DE5DC00DCC06B /* StudentClassView.swift */,
				2ADEA38E275E06F400DCC06B /* StudentClassroomView.swift */,
			);
			path = courses;
			sourceTree = "<group>";
		};
		2ADEA38B275DF9D600DCC06B /* multipeer */ = {
			isa = PBXGroup;
			children = (
				2ADEA38C275DFA0100DCC06B /* PollConnectionManager.swift */,
			);
			path = multipeer;
			sourceTree = "<group>";
		};
		2ADEA390275EFF6200DCC06B /* attendance */ = {
			isa = PBXGroup;
			children = (
				2ADEA391275EFF8800DCC06B /* AttendanceView.swift */,
			);
			path = attendance;
			sourceTree = "<group>";
		};
		2AEFBCAF2740B5090026B630 /* course */ = {
			isa = PBXGroup;
			children = (
				2ADEA390275EFF6200DCC06B /* attendance */,
				2ADEA34A275D4B1300DCC06B /* classroom */,
				2ADEA347275CABAF00DCC06B /* class */,
				2A82D809275B3BBC00919DF3 /* section */,
				2AEFBD1B274B0F850026B630 /* exams */,
				2AEFBCFC2749737A0026B630 /* files */,
				2AEFBCAD2740B0D90026B630 /* CoursesView.swift */,
				2AEFBCB02740B5290026B630 /* CoursesContentView.swift */,
				2AEFBCB22740B9F50026B630 /* CourseCellView.swift */,
				2A82D807275AEC3A00919DF3 /* CreateCourseView.swift */,
			);
			path = course;
			sourceTree = "<group>";
		};
		2AEFBCB82745DCB70026B630 /* Dates */ = {
			isa = PBXGroup;
			children = (
				2AEFBCB92745DCF10026B630 /* WeekSelectorView.swift */,
			);
			path = Dates;
			sourceTree = "<group>";
		};
		2AEFBCFC2749737A0026B630 /* files */ = {
			isa = PBXGroup;
			children = (
				2AEFBCBF2748A0160026B630 /* PDFKitRepresentedView.swift */,
				2AEFBCFD274973990026B630 /* FileListView.swift */,
			);
			path = files;
			sourceTree = "<group>";
		};
		2AEFBCFF2749A3270026B630 /* profile */ = {
			isa = PBXGroup;
			children = (
				2AEFBD12274B0B6E0026B630 /* SecurityView.swift */,
				2AEFBD13274B0B6E0026B630 /* UpdatePasswordView.swift */,
				2AEFBD0B274AE83B0026B630 /* InformationView.swift */,
				2AEFBD002749A3430026B630 /* ProfileView.swift */,
				2AEFBD16274B0DFB0026B630 /* ProfileImageView.swift */,
			);
			path = profile;
			sourceTree = "<group>";
		};
		2AEFBD18274B0EA00026B630 /* TFMemento */ = {
			isa = PBXGroup;
			children = (
				2AEFBD19274B0EB20026B630 /* TFMemento.swift */,
			);
			path = TFMemento;
			sourceTree = "<group>";
		};
		2AEFBD1B274B0F850026B630 /* exams */ = {
			isa = PBXGroup;
			children = (
				2AEFBD1C274B0FA00026B630 /* ExamListView.swift */,
			);
			path = exams;
			sourceTree = "<group>";
		};
/* End PBXGroup section */

/* Begin PBXNativeTarget section */
		2A01E63726F26C5400666A44 /* Bilge */ = {
			isa = PBXNativeTarget;
			buildConfigurationList = 2A01E66226F26C5500666A44 /* Build configuration list for PBXNativeTarget "Bilge" */;
			buildPhases = (
				2A82D7FE27598A4900919DF3 /* Apollo */,
				2A01E63426F26C5400666A44 /* Sources */,
				2A01E63526F26C5400666A44 /* Frameworks */,
				2A01E63626F26C5400666A44 /* Resources */,
			);
			buildRules = (
			);
			dependencies = (
			);
			name = Bilge;
			packageProductDependencies = (
				2AED238927370BA30022F108 /* FirebaseAuth */,
				2AED238B27370BA30022F108 /* FirebaseAuthCombine-Community */,
				2AED238D27370BA30022F108 /* FirebaseFirestore */,
				2AED238F27370BA30022F108 /* FirebaseFirestoreCombine-Community */,
				2AED239127370BA30022F108 /* FirebaseFirestoreSwift-Beta */,
				2AED239327370BA30022F108 /* FirebaseRemoteConfig */,
				2AED239527370BA30022F108 /* FirebaseStorage */,
				2AED239727370BA30022F108 /* FirebaseStorageCombine-Community */,
				2AED239927370BA30022F108 /* FirebaseStorageSwift-Beta */,
				2ABC08B92740A5FC002D7FA8 /* Apollo */,
				2ADEA34E275D637800DCC06B /* Realm */,
				2ADEA350275D637800DCC06B /* RealmSwift */,
			);
			productName = Bilge;
			productReference = 2A01E63826F26C5400666A44 /* Bilge.app */;
			productType = "com.apple.product-type.application";
		};
		2A01E64D26F26C5500666A44 /* BilgeTests */ = {
			isa = PBXNativeTarget;
			buildConfigurationList = 2A01E66526F26C5500666A44 /* Build configuration list for PBXNativeTarget "BilgeTests" */;
			buildPhases = (
				2A01E64A26F26C5500666A44 /* Sources */,
				2A01E64B26F26C5500666A44 /* Frameworks */,
				2A01E64C26F26C5500666A44 /* Resources */,
			);
			buildRules = (
			);
			dependencies = (
				2A01E65026F26C5500666A44 /* PBXTargetDependency */,
			);
			name = BilgeTests;
			productName = BilgeTests;
			productReference = 2A01E64E26F26C5500666A44 /* BilgeTests.xctest */;
			productType = "com.apple.product-type.bundle.unit-test";
		};
		2A01E65826F26C5500666A44 /* BilgeUITests */ = {
			isa = PBXNativeTarget;
			buildConfigurationList = 2A01E66826F26C5500666A44 /* Build configuration list for PBXNativeTarget "BilgeUITests" */;
			buildPhases = (
				2A01E65526F26C5500666A44 /* Sources */,
				2A01E65626F26C5500666A44 /* Frameworks */,
				2A01E65726F26C5500666A44 /* Resources */,
			);
			buildRules = (
			);
			dependencies = (
				2A01E65B26F26C5500666A44 /* PBXTargetDependency */,
			);
			name = BilgeUITests;
			productName = BilgeUITests;
			productReference = 2A01E65926F26C5500666A44 /* BilgeUITests.xctest */;
			productType = "com.apple.product-type.bundle.ui-testing";
		};
/* End PBXNativeTarget section */

/* Begin PBXProject section */
		2A01E63026F26C5400666A44 /* Project object */ = {
			isa = PBXProject;
			attributes = {
				LastSwiftUpdateCheck = 1250;
				LastUpgradeCheck = 1250;
				TargetAttributes = {
					2A01E63726F26C5400666A44 = {
						CreatedOnToolsVersion = 12.5.1;
					};
					2A01E64D26F26C5500666A44 = {
						CreatedOnToolsVersion = 12.5.1;
						TestTargetID = 2A01E63726F26C5400666A44;
					};
					2A01E65826F26C5500666A44 = {
						CreatedOnToolsVersion = 12.5.1;
						TestTargetID = 2A01E63726F26C5400666A44;
					};
				};
			};
			buildConfigurationList = 2A01E63326F26C5400666A44 /* Build configuration list for PBXProject "Bilge" */;
			compatibilityVersion = "Xcode 9.3";
			developmentRegion = en;
			hasScannedForEncodings = 0;
			knownRegions = (
				en,
				Base,
			);
			mainGroup = 2A01E62F26F26C5400666A44;
			packageReferences = (
				2AED238827370BA30022F108 /* XCRemoteSwiftPackageReference "firebase-ios-sdk" */,
				2ABC08B82740A5FC002D7FA8 /* XCRemoteSwiftPackageReference "apollo-ios" */,
				2ADEA34D275D637700DCC06B /* XCRemoteSwiftPackageReference "realm-cocoa" */,
			);
			productRefGroup = 2A01E63926F26C5400666A44 /* Products */;
			projectDirPath = "";
			projectRoot = "";
			targets = (
				2A01E63726F26C5400666A44 /* Bilge */,
				2A01E64D26F26C5500666A44 /* BilgeTests */,
				2A01E65826F26C5500666A44 /* BilgeUITests */,
			);
		};
/* End PBXProject section */

/* Begin PBXResourcesBuildPhase section */
		2A01E63626F26C5400666A44 /* Resources */ = {
			isa = PBXResourcesBuildPhase;
			buildActionMask = 2147483647;
			files = (
				2A01E64326F26C5500666A44 /* Preview Assets.xcassets in Resources */,
				2A82D806275AD22200919DF3 /* schema.json in Resources */,
				2A01E64026F26C5500666A44 /* Assets.xcassets in Resources */,
				2AED23B7273F26660022F108 /* Queries.graphql in Resources */,
				2A01E68926F842EB00666A44 /* GoogleService-Info.plist in Resources */,
			);
			runOnlyForDeploymentPostprocessing = 0;
		};
		2A01E64C26F26C5500666A44 /* Resources */ = {
			isa = PBXResourcesBuildPhase;
			buildActionMask = 2147483647;
			files = (
			);
			runOnlyForDeploymentPostprocessing = 0;
		};
		2A01E65726F26C5500666A44 /* Resources */ = {
			isa = PBXResourcesBuildPhase;
			buildActionMask = 2147483647;
			files = (
			);
			runOnlyForDeploymentPostprocessing = 0;
		};
/* End PBXResourcesBuildPhase section */

/* Begin PBXShellScriptBuildPhase section */
		2A82D7FE27598A4900919DF3 /* Apollo */ = {
			isa = PBXShellScriptBuildPhase;
			buildActionMask = 2147483647;
			files = (
			);
			inputFileListPaths = (
			);
			inputPaths = (
			);
			name = Apollo;
			outputFileListPaths = (
			);
			outputPaths = (
			);
			runOnlyForDeploymentPostprocessing = 0;
			shellPath = /bin/sh;
			shellScript = "# Don't run this during index builds\nif [ $ACTION = \"indexbuild\" ]; then exit 0; fi\n\n# Go to the build root and search up the chain to find the Derived Data Path where the source packages are checked out.\nDERIVED_DATA_CANDIDATE=\"${BUILD_ROOT}\"\n\nwhile ! [ -d \"${DERIVED_DATA_CANDIDATE}/SourcePackages\" ]; do\n  if [ \"${DERIVED_DATA_CANDIDATE}\" = / ]; then\n    echo >&2 \"error: Unable to locate SourcePackages directory from BUILD_ROOT: '${BUILD_ROOT}'\"\n    exit 1\n  fi\n\n  DERIVED_DATA_CANDIDATE=\"$(dirname \"${DERIVED_DATA_CANDIDATE}\")\"\ndone\n\n# Grab a reference to the directory where scripts are checked out\nSCRIPT_PATH=\"${DERIVED_DATA_CANDIDATE}/SourcePackages/checkouts/apollo-ios/scripts\"\n\nif [ -z \"${SCRIPT_PATH}\" ]; then\n    echo >&2 \"error: Couldn't find the CLI script in your checked out SPM packages; make sure to add the framework to your project.\"\n    exit 1\nfi\n\ncd \"${SRCROOT}/${TARGET_NAME}\"\n\"${SCRIPT_PATH}\"/run-bundled-codegen.sh codegen:generate --target=swift --includes=./**/*.graphql --localSchemaFile=\"schema.json\" API.swift\n";
		};
/* End PBXShellScriptBuildPhase section */

/* Begin PBXSourcesBuildPhase section */
		2A01E63426F26C5400666A44 /* Sources */ = {
			isa = PBXSourcesBuildPhase;
			buildActionMask = 2147483647;
			files = (
				2ADEA36F275D664D00DCC06B /* MultipleChoiceView.swift in Sources */,
				2A1AFF1A2707F855004623FA /* Actions.swift in Sources */,
				2A37A4B3270F3DB1007C1868 /* SignUpAction.swift in Sources */,
				2A1AFF2A270B9412004623FA /* SessionState.swift in Sources */,
				2ADEA38D275DFA0100DCC06B /* PollConnectionManager.swift in Sources */,
				2A82D7E4275873E800919DF3 /* SignUpState.swift in Sources */,
				2A37A4C9270F955F007C1868 /* TeacherView.swift in Sources */,
				2AEFBD0C274AE83C0026B630 /* ImagePickerView.swift in Sources */,
				2A82D80B275B3C0300919DF3 /* SectionListView.swift in Sources */,
				2A37A4C5270F9512007C1868 /* HomeView.swift in Sources */,
				2A82D7F72758E19B00919DF3 /* SearchCourseListView.swift in Sources */,
				2ABC08E12740AB6A002D7FA8 /* SnackBarPopUp.swift in Sources */,
				2A37A4B0270EB21C007C1868 /* Listeners.swift in Sources */,
				2A82D7E62758761200919DF3 /* SignInState.swift in Sources */,
				2AED23C7273F66F40022F108 /* APIRepository.swift in Sources */,
				2AEFBCB32740B9F50026B630 /* CourseCellView.swift in Sources */,
				2ADEA374275D664D00DCC06B /* StatementView.swift in Sources */,
				2A82D808275AEC3A00919DF3 /* CreateCourseView.swift in Sources */,
				2ABC08E52740AB6A002D7FA8 /* GButton.swift in Sources */,
				2ADEA34C275D4B2A00DCC06B /* ClassroomView.swift in Sources */,
				2A1AFF1C2707F916004623FA /* Store.swift in Sources */,
				2AEFBD15274B0B6F0026B630 /* UpdatePasswordView.swift in Sources */,
				2A37A4AE270EAA06007C1868 /* Auth+Combine.swift in Sources */,
				2A82D7F52758E03500919DF3 /* SearchCellUsernameView.swift in Sources */,
				2AED23BE273F55BA0022F108 /* APIService.swift in Sources */,
				2ADEA392275EFF8800DCC06B /* AttendanceView.swift in Sources */,
				2ADEA38A275DF81B00DCC06B /* StudentWeekSelectorView.swift in Sources */,
				2ADEA372275D664D00DCC06B /* CreatePoolView.swift in Sources */,
				2A82D8042759A0DF00919DF3 /* API.swift in Sources */,
				2A82D7E827587CC700919DF3 /* AuthenticationMiddleware.swift in Sources */,
				2AEFBD1D274B0FA00026B630 /* ExamListView.swift in Sources */,
				2AEFBD012749A3430026B630 /* ProfileView.swift in Sources */,
				2ABC08DD2740AB6A002D7FA8 /* GToggle.swift in Sources */,
				2A37A4C7270F9541007C1868 /* StudentView.swift in Sources */,
				2ABC08E62740AB6A002D7FA8 /* GButtonStyle.swift in Sources */,
				2ADEA36E275D664D00DCC06B /* MultipleChoiceFormView.swift in Sources */,
				2AEFBCC02748A0160026B630 /* PDFKitRepresentedView.swift in Sources */,
				2AEFBD1A274B0EB20026B630 /* TFMemento.swift in Sources */,
				2ABC08DE2740AB6A002D7FA8 /* GToggleStyle.swift in Sources */,
				2ABC08DF2740AB6A002D7FA8 /* GLink.swift in Sources */,
				2A82D7F12758D62F00919DF3 /* SearchCourseView.swift in Sources */,
				2A82D80D275B403C00919DF3 /* CreateSectionView.swift in Sources */,
				2ADEA377275D664D00DCC06B /* PollManager.swift in Sources */,
				2A82D7F92758E30300919DF3 /* SearchCellCourseView.swift in Sources */,
				2ABC08E22740AB6A002D7FA8 /* View+Extension.swift in Sources */,
				2AEFBD17274B0DFB0026B630 /* ProfileImageView.swift in Sources */,
				2A01E67226F2E5EC00666A44 /* OnBoardingView.swift in Sources */,
				2ADEA36D275D664D00DCC06B /* MultipleChoice.swift in Sources */,
				2A1AFF232708BE91004623FA /* Redux.swift in Sources */,
				2ADEA37A275D664D00DCC06B /* SelectionView.swift in Sources */,
				2A82D7EC275882CE00919DF3 /* AppStateFactory.swift in Sources */,
				2A82D7EE2758D34C00919DF3 /* TeacherTapView.swift in Sources */,
				2A01E66F26F26CBC00666A44 /* ContentView.swift in Sources */,
				2A82D80F275BDD2600919DF3 /* ScheduleView.swift in Sources */,
				2ADEA379275D664D00DCC06B /* SelectionFormView.swift in Sources */,
				2ADA7B4C26F9700E0000E92F /* AuthenticationService.swift in Sources */,
				2ADEA37F275D664E00DCC06B /* AgreeFormView.swift in Sources */,
				2A82D7EA27587F8100919DF3 /* APIMiddleware.swift in Sources */,
				2A37A4BC270F5788007C1868 /* ForgotPasswordState.swift in Sources */,
				2A82D7FD2758E54100919DF3 /* SearchCellSectionView.swift in Sources */,
				2AEFBD14274B0B6F0026B630 /* SecurityView.swift in Sources */,
				2ADEA38F275E06F400DCC06B /* StudentClassroomView.swift in Sources */,
				2ADEA378275D664D00DCC06B /* PollModel.swift in Sources */,
				2ADEA373275D664D00DCC06B /* TimeStepperView.swift in Sources */,
				2ADEA384275DD82100DCC06B /* EnrolledCourseListView.swift in Sources */,
				2ADEA375275D664D00DCC06B /* Statement.swift in Sources */,
				2ABC08E32740AB6A002D7FA8 /* GBorderButtonStyle.swift in Sources */,
				2ADEA37E275D664D00DCC06B /* Agree.swift in Sources */,
				2A37A4A8270E45F7007C1868 /* SignInAction.swift in Sources */,
				2ABC08E92740AB6A002D7FA8 /* EmailField.swift in Sources */,
				2ABC08E42740AB6A002D7FA8 /* GBorderButton.swift in Sources */,
				2ADEA37B275D664D00DCC06B /* Selection.swift in Sources */,
				2ADEA344275C6CBC00DCC06B /* ScheculeViewModel.swift in Sources */,
				2ADEA376275D664D00DCC06B /* StatementFormView.swift in Sources */,
				2AEFBCBA2745DCF10026B630 /* WeekSelectorView.swift in Sources */,
				2AED23C5273F66160022F108 /* NetworkInterceptorProvider.swift in Sources */,
				2ADEA346275CABA200DCC06B /* ClassView.swift in Sources */,
				2AEFBD0D274AE83C0026B630 /* InformationView.swift in Sources */,
				2A37A4B8270F550E007C1868 /* ForgotPasswordAction.swift in Sources */,
				2AED23D3273F8D3E0022F108 /* APIState.swift in Sources */,
				2AED23D927409BB30022F108 /* StudentTapView.swift in Sources */,
				2ADEA386275DD88F00DCC06B /* EnrolledCourseListViewModel.swift in Sources */,
				2A82D7F32758D73200919DF3 /* SearchCourseContentView.swift in Sources */,
				2ABC08E02740AB6A002D7FA8 /* SnackBar.swift in Sources */,
				2A37A4BA270F5719007C1868 /* ForgotPassworReducer.swift in Sources */,
				2A01E67426F2E6D500666A44 /* SignInView.swift in Sources */,
				2A37A4AC270E4E98007C1868 /* SignInReducer.swift in Sources */,
				2A01E67626F2E70E00666A44 /* SignUpView.swift in Sources */,
				2ADEA37D275D664D00DCC06B /* PersistenceController.swift in Sources */,
				2A1AFF182707F74A004623FA /* AuthenticationManager.swift in Sources */,
				2A1AFF162707F6F7004623FA /* AppState.swift in Sources */,
				2A37A4B5270F3E4F007C1868 /* SignUpReducer.swift in Sources */,
				2ADEA380275D664E00DCC06B /* AgreeView.swift in Sources */,
				2ADEA388275DE5DC00DCC06B /* StudentClassView.swift in Sources */,
				2ADEA37C275D664D00DCC06B /* PollComponent.swift in Sources */,
				2AEFBCAE2740B0D90026B630 /* CoursesView.swift in Sources */,
				2AED23C0273F5DFB0022F108 /* TokenAddingInterceptor.swift in Sources */,
				2ADEA371275D664D00DCC06B /* ProgressBarView.swift in Sources */,
				2A1AFF252708C150004623FA /* Reducers.swift in Sources */,
				2ADEA349275CB02D00DCC06B /* ClassViewModel.swift in Sources */,
				2AEFBCFE274973990026B630 /* FileListView.swift in Sources */,
				2A01E68726F66F2100666A44 /* ForgotPasswordView.swift in Sources */,
				2A82D7FB2758E4F200919DF3 /* SearchSectionsListView.swift in Sources */,
				2A1AFF272708C83F004623FA /* Middlewares.swift in Sources */,
				2ABC08E72740AB6A002D7FA8 /* PasswordField.swift in Sources */,
				2A01E63C26F26C5400666A44 /* BilgeApp.swift in Sources */,
				2ABC08E82740AB6A002D7FA8 /* GTextField.swift in Sources */,
				2AEFBCB12740B5290026B630 /* CoursesContentView.swift in Sources */,
			);
			runOnlyForDeploymentPostprocessing = 0;
		};
		2A01E64A26F26C5500666A44 /* Sources */ = {
			isa = PBXSourcesBuildPhase;
			buildActionMask = 2147483647;
			files = (
				2A01E65326F26C5500666A44 /* BilgeTests.swift in Sources */,
			);
			runOnlyForDeploymentPostprocessing = 0;
		};
		2A01E65526F26C5500666A44 /* Sources */ = {
			isa = PBXSourcesBuildPhase;
			buildActionMask = 2147483647;
			files = (
				2A01E65E26F26C5500666A44 /* BilgeUITests.swift in Sources */,
			);
			runOnlyForDeploymentPostprocessing = 0;
		};
/* End PBXSourcesBuildPhase section */

/* Begin PBXTargetDependency section */
		2A01E65026F26C5500666A44 /* PBXTargetDependency */ = {
			isa = PBXTargetDependency;
			target = 2A01E63726F26C5400666A44 /* Bilge */;
			targetProxy = 2A01E64F26F26C5500666A44 /* PBXContainerItemProxy */;
		};
		2A01E65B26F26C5500666A44 /* PBXTargetDependency */ = {
			isa = PBXTargetDependency;
			target = 2A01E63726F26C5400666A44 /* Bilge */;
			targetProxy = 2A01E65A26F26C5500666A44 /* PBXContainerItemProxy */;
		};
/* End PBXTargetDependency section */

/* Begin XCBuildConfiguration section */
		2A01E66026F26C5500666A44 /* Debug */ = {
			isa = XCBuildConfiguration;
			buildSettings = {
				ALWAYS_SEARCH_USER_PATHS = NO;
				CLANG_ANALYZER_NONNULL = YES;
				CLANG_ANALYZER_NUMBER_OBJECT_CONVERSION = YES_AGGRESSIVE;
				CLANG_CXX_LANGUAGE_STANDARD = "gnu++14";
				CLANG_CXX_LIBRARY = "libc++";
				CLANG_ENABLE_MODULES = YES;
				CLANG_ENABLE_OBJC_ARC = YES;
				CLANG_ENABLE_OBJC_WEAK = YES;
				CLANG_WARN_BLOCK_CAPTURE_AUTORELEASING = YES;
				CLANG_WARN_BOOL_CONVERSION = YES;
				CLANG_WARN_COMMA = YES;
				CLANG_WARN_CONSTANT_CONVERSION = YES;
				CLANG_WARN_DEPRECATED_OBJC_IMPLEMENTATIONS = YES;
				CLANG_WARN_DIRECT_OBJC_ISA_USAGE = YES_ERROR;
				CLANG_WARN_DOCUMENTATION_COMMENTS = YES;
				CLANG_WARN_EMPTY_BODY = YES;
				CLANG_WARN_ENUM_CONVERSION = YES;
				CLANG_WARN_INFINITE_RECURSION = YES;
				CLANG_WARN_INT_CONVERSION = YES;
				CLANG_WARN_NON_LITERAL_NULL_CONVERSION = YES;
				CLANG_WARN_OBJC_IMPLICIT_RETAIN_SELF = YES;
				CLANG_WARN_OBJC_LITERAL_CONVERSION = YES;
				CLANG_WARN_OBJC_ROOT_CLASS = YES_ERROR;
				CLANG_WARN_QUOTED_INCLUDE_IN_FRAMEWORK_HEADER = YES;
				CLANG_WARN_RANGE_LOOP_ANALYSIS = YES;
				CLANG_WARN_STRICT_PROTOTYPES = YES;
				CLANG_WARN_SUSPICIOUS_MOVE = YES;
				CLANG_WARN_UNGUARDED_AVAILABILITY = YES_AGGRESSIVE;
				CLANG_WARN_UNREACHABLE_CODE = YES;
				CLANG_WARN__DUPLICATE_METHOD_MATCH = YES;
				COPY_PHASE_STRIP = NO;
				DEBUG_INFORMATION_FORMAT = dwarf;
				ENABLE_STRICT_OBJC_MSGSEND = YES;
				ENABLE_TESTABILITY = YES;
				GCC_C_LANGUAGE_STANDARD = gnu11;
				GCC_DYNAMIC_NO_PIC = NO;
				GCC_NO_COMMON_BLOCKS = YES;
				GCC_OPTIMIZATION_LEVEL = 0;
				GCC_PREPROCESSOR_DEFINITIONS = (
					"DEBUG=1",
					"$(inherited)",
				);
				GCC_WARN_64_TO_32_BIT_CONVERSION = YES;
				GCC_WARN_ABOUT_RETURN_TYPE = YES_ERROR;
				GCC_WARN_UNDECLARED_SELECTOR = YES;
				GCC_WARN_UNINITIALIZED_AUTOS = YES_AGGRESSIVE;
				GCC_WARN_UNUSED_FUNCTION = YES;
				GCC_WARN_UNUSED_VARIABLE = YES;
				IPHONEOS_DEPLOYMENT_TARGET = 15.0;
				MTL_ENABLE_DEBUG_INFO = INCLUDE_SOURCE;
				MTL_FAST_MATH = YES;
				ONLY_ACTIVE_ARCH = YES;
				SDKROOT = iphoneos;
				SWIFT_ACTIVE_COMPILATION_CONDITIONS = DEBUG;
				SWIFT_OPTIMIZATION_LEVEL = "-Onone";
			};
			name = Debug;
		};
		2A01E66126F26C5500666A44 /* Release */ = {
			isa = XCBuildConfiguration;
			buildSettings = {
				ALWAYS_SEARCH_USER_PATHS = NO;
				CLANG_ANALYZER_NONNULL = YES;
				CLANG_ANALYZER_NUMBER_OBJECT_CONVERSION = YES_AGGRESSIVE;
				CLANG_CXX_LANGUAGE_STANDARD = "gnu++14";
				CLANG_CXX_LIBRARY = "libc++";
				CLANG_ENABLE_MODULES = YES;
				CLANG_ENABLE_OBJC_ARC = YES;
				CLANG_ENABLE_OBJC_WEAK = YES;
				CLANG_WARN_BLOCK_CAPTURE_AUTORELEASING = YES;
				CLANG_WARN_BOOL_CONVERSION = YES;
				CLANG_WARN_COMMA = YES;
				CLANG_WARN_CONSTANT_CONVERSION = YES;
				CLANG_WARN_DEPRECATED_OBJC_IMPLEMENTATIONS = YES;
				CLANG_WARN_DIRECT_OBJC_ISA_USAGE = YES_ERROR;
				CLANG_WARN_DOCUMENTATION_COMMENTS = YES;
				CLANG_WARN_EMPTY_BODY = YES;
				CLANG_WARN_ENUM_CONVERSION = YES;
				CLANG_WARN_INFINITE_RECURSION = YES;
				CLANG_WARN_INT_CONVERSION = YES;
				CLANG_WARN_NON_LITERAL_NULL_CONVERSION = YES;
				CLANG_WARN_OBJC_IMPLICIT_RETAIN_SELF = YES;
				CLANG_WARN_OBJC_LITERAL_CONVERSION = YES;
				CLANG_WARN_OBJC_ROOT_CLASS = YES_ERROR;
				CLANG_WARN_QUOTED_INCLUDE_IN_FRAMEWORK_HEADER = YES;
				CLANG_WARN_RANGE_LOOP_ANALYSIS = YES;
				CLANG_WARN_STRICT_PROTOTYPES = YES;
				CLANG_WARN_SUSPICIOUS_MOVE = YES;
				CLANG_WARN_UNGUARDED_AVAILABILITY = YES_AGGRESSIVE;
				CLANG_WARN_UNREACHABLE_CODE = YES;
				CLANG_WARN__DUPLICATE_METHOD_MATCH = YES;
				COPY_PHASE_STRIP = NO;
				DEBUG_INFORMATION_FORMAT = "dwarf-with-dsym";
				ENABLE_NS_ASSERTIONS = NO;
				ENABLE_STRICT_OBJC_MSGSEND = YES;
				GCC_C_LANGUAGE_STANDARD = gnu11;
				GCC_NO_COMMON_BLOCKS = YES;
				GCC_WARN_64_TO_32_BIT_CONVERSION = YES;
				GCC_WARN_ABOUT_RETURN_TYPE = YES_ERROR;
				GCC_WARN_UNDECLARED_SELECTOR = YES;
				GCC_WARN_UNINITIALIZED_AUTOS = YES_AGGRESSIVE;
				GCC_WARN_UNUSED_FUNCTION = YES;
				GCC_WARN_UNUSED_VARIABLE = YES;
				IPHONEOS_DEPLOYMENT_TARGET = 15.0;
				MTL_ENABLE_DEBUG_INFO = NO;
				MTL_FAST_MATH = YES;
				SDKROOT = iphoneos;
				SWIFT_COMPILATION_MODE = wholemodule;
				SWIFT_OPTIMIZATION_LEVEL = "-O";
				VALIDATE_PRODUCT = YES;
			};
			name = Release;
		};
		2A01E66326F26C5500666A44 /* Debug */ = {
			isa = XCBuildConfiguration;
			buildSettings = {
				ASSETCATALOG_COMPILER_APPICON_NAME = AppIcon;
				ASSETCATALOG_COMPILER_GLOBAL_ACCENT_COLOR_NAME = AccentColor;
				CODE_SIGN_STYLE = Automatic;
				DEVELOPMENT_ASSET_PATHS = "\"Bilge/Preview Content\"";
				DEVELOPMENT_TEAM = W8HX5M6262;
				ENABLE_PREVIEWS = YES;
				INFOPLIST_FILE = Bilge/Info.plist;
				IPHONEOS_DEPLOYMENT_TARGET = 15.0;
				LD_RUNPATH_SEARCH_PATHS = (
					"$(inherited)",
					"@executable_path/Frameworks",
				);
				PRODUCT_BUNDLE_IDENTIFIER = jcombariza.Bilge;
				PRODUCT_NAME = "$(TARGET_NAME)";
				SWIFT_VERSION = 5.0;
				TARGETED_DEVICE_FAMILY = "1,2";
			};
			name = Debug;
		};
		2A01E66426F26C5500666A44 /* Release */ = {
			isa = XCBuildConfiguration;
			buildSettings = {
				ASSETCATALOG_COMPILER_APPICON_NAME = AppIcon;
				ASSETCATALOG_COMPILER_GLOBAL_ACCENT_COLOR_NAME = AccentColor;
				CODE_SIGN_STYLE = Automatic;
				DEVELOPMENT_ASSET_PATHS = "\"Bilge/Preview Content\"";
				DEVELOPMENT_TEAM = W8HX5M6262;
				ENABLE_PREVIEWS = YES;
				INFOPLIST_FILE = Bilge/Info.plist;
				IPHONEOS_DEPLOYMENT_TARGET = 15.0;
				LD_RUNPATH_SEARCH_PATHS = (
					"$(inherited)",
					"@executable_path/Frameworks",
				);
				PRODUCT_BUNDLE_IDENTIFIER = jcombariza.Bilge;
				PRODUCT_NAME = "$(TARGET_NAME)";
				SWIFT_VERSION = 5.0;
				TARGETED_DEVICE_FAMILY = "1,2";
			};
			name = Release;
		};
		2A01E66626F26C5500666A44 /* Debug */ = {
			isa = XCBuildConfiguration;
			buildSettings = {
				ALWAYS_EMBED_SWIFT_STANDARD_LIBRARIES = YES;
				BUNDLE_LOADER = "$(TEST_HOST)";
				CODE_SIGN_STYLE = Automatic;
				DEVELOPMENT_TEAM = W8HX5M6262;
				INFOPLIST_FILE = BilgeTests/Info.plist;
				IPHONEOS_DEPLOYMENT_TARGET = 15.0;
				LD_RUNPATH_SEARCH_PATHS = (
					"$(inherited)",
					"@executable_path/Frameworks",
					"@loader_path/Frameworks",
				);
				PRODUCT_BUNDLE_IDENTIFIER = jcombariza.BilgeTests;
				PRODUCT_NAME = "$(TARGET_NAME)";
				SWIFT_VERSION = 5.0;
				TARGETED_DEVICE_FAMILY = "1,2";
				TEST_HOST = "$(BUILT_PRODUCTS_DIR)/Bilge.app/Bilge";
			};
			name = Debug;
		};
		2A01E66726F26C5500666A44 /* Release */ = {
			isa = XCBuildConfiguration;
			buildSettings = {
				ALWAYS_EMBED_SWIFT_STANDARD_LIBRARIES = YES;
				BUNDLE_LOADER = "$(TEST_HOST)";
				CODE_SIGN_STYLE = Automatic;
				DEVELOPMENT_TEAM = W8HX5M6262;
				INFOPLIST_FILE = BilgeTests/Info.plist;
				IPHONEOS_DEPLOYMENT_TARGET = 15.0;
				LD_RUNPATH_SEARCH_PATHS = (
					"$(inherited)",
					"@executable_path/Frameworks",
					"@loader_path/Frameworks",
				);
				PRODUCT_BUNDLE_IDENTIFIER = jcombariza.BilgeTests;
				PRODUCT_NAME = "$(TARGET_NAME)";
				SWIFT_VERSION = 5.0;
				TARGETED_DEVICE_FAMILY = "1,2";
				TEST_HOST = "$(BUILT_PRODUCTS_DIR)/Bilge.app/Bilge";
			};
			name = Release;
		};
		2A01E66926F26C5500666A44 /* Debug */ = {
			isa = XCBuildConfiguration;
			buildSettings = {
				ALWAYS_EMBED_SWIFT_STANDARD_LIBRARIES = YES;
				CODE_SIGN_STYLE = Automatic;
				DEVELOPMENT_TEAM = W8HX5M6262;
				INFOPLIST_FILE = BilgeUITests/Info.plist;
				LD_RUNPATH_SEARCH_PATHS = (
					"$(inherited)",
					"@executable_path/Frameworks",
					"@loader_path/Frameworks",
				);
				PRODUCT_BUNDLE_IDENTIFIER = jcombariza.BilgeUITests;
				PRODUCT_NAME = "$(TARGET_NAME)";
				SWIFT_VERSION = 5.0;
				TARGETED_DEVICE_FAMILY = "1,2";
				TEST_TARGET_NAME = Bilge;
			};
			name = Debug;
		};
		2A01E66A26F26C5500666A44 /* Release */ = {
			isa = XCBuildConfiguration;
			buildSettings = {
				ALWAYS_EMBED_SWIFT_STANDARD_LIBRARIES = YES;
				CODE_SIGN_STYLE = Automatic;
				DEVELOPMENT_TEAM = W8HX5M6262;
				INFOPLIST_FILE = BilgeUITests/Info.plist;
				LD_RUNPATH_SEARCH_PATHS = (
					"$(inherited)",
					"@executable_path/Frameworks",
					"@loader_path/Frameworks",
				);
				PRODUCT_BUNDLE_IDENTIFIER = jcombariza.BilgeUITests;
				PRODUCT_NAME = "$(TARGET_NAME)";
				SWIFT_VERSION = 5.0;
				TARGETED_DEVICE_FAMILY = "1,2";
				TEST_TARGET_NAME = Bilge;
			};
			name = Release;
		};
/* End XCBuildConfiguration section */

/* Begin XCConfigurationList section */
		2A01E63326F26C5400666A44 /* Build configuration list for PBXProject "Bilge" */ = {
			isa = XCConfigurationList;
			buildConfigurations = (
				2A01E66026F26C5500666A44 /* Debug */,
				2A01E66126F26C5500666A44 /* Release */,
			);
			defaultConfigurationIsVisible = 0;
			defaultConfigurationName = Release;
		};
		2A01E66226F26C5500666A44 /* Build configuration list for PBXNativeTarget "Bilge" */ = {
			isa = XCConfigurationList;
			buildConfigurations = (
				2A01E66326F26C5500666A44 /* Debug */,
				2A01E66426F26C5500666A44 /* Release */,
			);
			defaultConfigurationIsVisible = 0;
			defaultConfigurationName = Release;
		};
		2A01E66526F26C5500666A44 /* Build configuration list for PBXNativeTarget "BilgeTests" */ = {
			isa = XCConfigurationList;
			buildConfigurations = (
				2A01E66626F26C5500666A44 /* Debug */,
				2A01E66726F26C5500666A44 /* Release */,
			);
			defaultConfigurationIsVisible = 0;
			defaultConfigurationName = Release;
		};
		2A01E66826F26C5500666A44 /* Build configuration list for PBXNativeTarget "BilgeUITests" */ = {
			isa = XCConfigurationList;
			buildConfigurations = (
				2A01E66926F26C5500666A44 /* Debug */,
				2A01E66A26F26C5500666A44 /* Release */,
			);
			defaultConfigurationIsVisible = 0;
			defaultConfigurationName = Release;
		};
/* End XCConfigurationList section */

/* Begin XCRemoteSwiftPackageReference section */
		2ABC08B82740A5FC002D7FA8 /* XCRemoteSwiftPackageReference "apollo-ios" */ = {
			isa = XCRemoteSwiftPackageReference;
			repositoryURL = "https://github.com/apollographql/apollo-ios.git";
			requirement = {
				branch = main;
				kind = branch;
			};
		};
		2ADEA34D275D637700DCC06B /* XCRemoteSwiftPackageReference "realm-cocoa" */ = {
			isa = XCRemoteSwiftPackageReference;
			repositoryURL = "https://github.com/realm/realm-cocoa.git";
			requirement = {
				branch = master;
				kind = branch;
			};
		};
		2AED238827370BA30022F108 /* XCRemoteSwiftPackageReference "firebase-ios-sdk" */ = {
			isa = XCRemoteSwiftPackageReference;
			repositoryURL = "https://github.com/firebase/firebase-ios-sdk.git";
			requirement = {
				kind = upToNextMajorVersion;
				minimumVersion = 8.0.0;
			};
		};
/* End XCRemoteSwiftPackageReference section */

/* Begin XCSwiftPackageProductDependency section */
		2ABC08B92740A5FC002D7FA8 /* Apollo */ = {
			isa = XCSwiftPackageProductDependency;
			package = 2ABC08B82740A5FC002D7FA8 /* XCRemoteSwiftPackageReference "apollo-ios" */;
			productName = Apollo;
		};
		2ADEA34E275D637800DCC06B /* Realm */ = {
			isa = XCSwiftPackageProductDependency;
			package = 2ADEA34D275D637700DCC06B /* XCRemoteSwiftPackageReference "realm-cocoa" */;
			productName = Realm;
		};
		2ADEA350275D637800DCC06B /* RealmSwift */ = {
			isa = XCSwiftPackageProductDependency;
			package = 2ADEA34D275D637700DCC06B /* XCRemoteSwiftPackageReference "realm-cocoa" */;
			productName = RealmSwift;
		};
		2AED238927370BA30022F108 /* FirebaseAuth */ = {
			isa = XCSwiftPackageProductDependency;
			package = 2AED238827370BA30022F108 /* XCRemoteSwiftPackageReference "firebase-ios-sdk" */;
			productName = FirebaseAuth;
		};
		2AED238B27370BA30022F108 /* FirebaseAuthCombine-Community */ = {
			isa = XCSwiftPackageProductDependency;
			package = 2AED238827370BA30022F108 /* XCRemoteSwiftPackageReference "firebase-ios-sdk" */;
			productName = "FirebaseAuthCombine-Community";
		};
		2AED238D27370BA30022F108 /* FirebaseFirestore */ = {
			isa = XCSwiftPackageProductDependency;
			package = 2AED238827370BA30022F108 /* XCRemoteSwiftPackageReference "firebase-ios-sdk" */;
			productName = FirebaseFirestore;
		};
		2AED238F27370BA30022F108 /* FirebaseFirestoreCombine-Community */ = {
			isa = XCSwiftPackageProductDependency;
			package = 2AED238827370BA30022F108 /* XCRemoteSwiftPackageReference "firebase-ios-sdk" */;
			productName = "FirebaseFirestoreCombine-Community";
		};
		2AED239127370BA30022F108 /* FirebaseFirestoreSwift-Beta */ = {
			isa = XCSwiftPackageProductDependency;
			package = 2AED238827370BA30022F108 /* XCRemoteSwiftPackageReference "firebase-ios-sdk" */;
			productName = "FirebaseFirestoreSwift-Beta";
		};
		2AED239327370BA30022F108 /* FirebaseRemoteConfig */ = {
			isa = XCSwiftPackageProductDependency;
			package = 2AED238827370BA30022F108 /* XCRemoteSwiftPackageReference "firebase-ios-sdk" */;
			productName = FirebaseRemoteConfig;
		};
		2AED239527370BA30022F108 /* FirebaseStorage */ = {
			isa = XCSwiftPackageProductDependency;
			package = 2AED238827370BA30022F108 /* XCRemoteSwiftPackageReference "firebase-ios-sdk" */;
			productName = FirebaseStorage;
		};
		2AED239727370BA30022F108 /* FirebaseStorageCombine-Community */ = {
			isa = XCSwiftPackageProductDependency;
			package = 2AED238827370BA30022F108 /* XCRemoteSwiftPackageReference "firebase-ios-sdk" */;
			productName = "FirebaseStorageCombine-Community";
		};
		2AED239927370BA30022F108 /* FirebaseStorageSwift-Beta */ = {
			isa = XCSwiftPackageProductDependency;
			package = 2AED238827370BA30022F108 /* XCRemoteSwiftPackageReference "firebase-ios-sdk" */;
			productName = "FirebaseStorageSwift-Beta";
		};
/* End XCSwiftPackageProductDependency section */
	};
	rootObject = 2A01E63026F26C5400666A44 /* Project object */;
}
